// !$*UTF8*$!
{
	archiveVersion = 1;
	classes = {
	};
	objectVersion = 46;
	objects = {

/* Begin PBXBuildFile section */
		00E356F31AD99517003FC87E /* testappTests.m in Sources */ = {isa = PBXBuildFile; fileRef = 00E356F21AD99517003FC87E /* testappTests.m */; };
		13B07FBC1A68108700A75B9A /* AppDelegate.m in Sources */ = {isa = PBXBuildFile; fileRef = 13B07FB01A68108700A75B9A /* AppDelegate.m */; };
		13B07FBF1A68108700A75B9A /* Images.xcassets in Resources */ = {isa = PBXBuildFile; fileRef = 13B07FB51A68108700A75B9A /* Images.xcassets */; };
		13B07FC11A68108700A75B9A /* main.m in Sources */ = {isa = PBXBuildFile; fileRef = 13B07FB71A68108700A75B9A /* main.m */; };
		2D02E4BC1E0B4A80006451C7 /* AppDelegate.m in Sources */ = {isa = PBXBuildFile; fileRef = 13B07FB01A68108700A75B9A /* AppDelegate.m */; };
		2D02E4BD1E0B4A84006451C7 /* Images.xcassets in Resources */ = {isa = PBXBuildFile; fileRef = 13B07FB51A68108700A75B9A /* Images.xcassets */; };
		2D02E4BF1E0B4AB3006451C7 /* main.m in Sources */ = {isa = PBXBuildFile; fileRef = 13B07FB71A68108700A75B9A /* main.m */; };
		2DCD954D1E0B4F2C00145EB5 /* testappTests.m in Sources */ = {isa = PBXBuildFile; fileRef = 00E356F21AD99517003FC87E /* testappTests.m */; };
		81AB9BB82411601600AC10FF /* LaunchScreen.storyboard in Resources */ = {isa = PBXBuildFile; fileRef = 81AB9BB72411601600AC10FF /* LaunchScreen.storyboard */; };
		2CD5B8FAB556462B8DEB3AD1 /* AntDesign.ttf in Resources */ = {isa = PBXBuildFile; fileRef = CE347D2033A9415AA08E61BC /* AntDesign.ttf */; };
		E35C56CAC3A247458C26268B /* Entypo.ttf in Resources */ = {isa = PBXBuildFile; fileRef = CB2EFEA8E5E34D38BA2D439A /* Entypo.ttf */; };
		B89D94A5CC044CC78485A63E /* EvilIcons.ttf in Resources */ = {isa = PBXBuildFile; fileRef = 2BA59EFC820F4BC181C6F9C9 /* EvilIcons.ttf */; };
		728F4988BFDB4A5FBB151C2E /* Feather.ttf in Resources */ = {isa = PBXBuildFile; fileRef = 96A9FCC5526F4B9C82C3942D /* Feather.ttf */; };
		890DEA8B8BA6475CBC15E6E8 /* FontAwesome.ttf in Resources */ = {isa = PBXBuildFile; fileRef = 9F330C6F4ACB4BF386B498E6 /* FontAwesome.ttf */; };
		64AD77C5CF66473BBEC6FA64 /* FontAwesome5_Brands.ttf in Resources */ = {isa = PBXBuildFile; fileRef = FB01B38909C34C15BC8204EE /* FontAwesome5_Brands.ttf */; };
		51A371460712420F99709E35 /* FontAwesome5_Regular.ttf in Resources */ = {isa = PBXBuildFile; fileRef = 75F0D69EF21F405299DB76F9 /* FontAwesome5_Regular.ttf */; };
		079586E7EDFD41F888529877 /* FontAwesome5_Solid.ttf in Resources */ = {isa = PBXBuildFile; fileRef = 2A8022B560344697AB29F9DB /* FontAwesome5_Solid.ttf */; };
		CB95BD40AD204D1386DAC824 /* Fontisto.ttf in Resources */ = {isa = PBXBuildFile; fileRef = 0E76D27CF3054EF1910A8035 /* Fontisto.ttf */; };
		E2C4B7403AA24BE389F30778 /* Foundation.ttf in Resources */ = {isa = PBXBuildFile; fileRef = 40645A9EB9B949E59D927FB5 /* Foundation.ttf */; };
		F3E939A4B9044A8D9289373D /* Ionicons.ttf in Resources */ = {isa = PBXBuildFile; fileRef = 3DCDE46C11BD47EFBAD3C965 /* Ionicons.ttf */; };
		29EF23B6301A48B8878B4923 /* MaterialCommunityIcons.ttf in Resources */ = {isa = PBXBuildFile; fileRef = 19787DFFC77142068C429103 /* MaterialCommunityIcons.ttf */; };
		6C7014A50B9444C9AF9294B6 /* MaterialIcons.ttf in Resources */ = {isa = PBXBuildFile; fileRef = 389F6BF173D84ADCB3F8EC82 /* MaterialIcons.ttf */; };
		0C5A25F3EF30433A9B6C9087 /* Octicons.ttf in Resources */ = {isa = PBXBuildFile; fileRef = EE929F81502748CEAE39C62B /* Octicons.ttf */; };
		EEBCC946F1B546919CD605D4 /* SimpleLineIcons.ttf in Resources */ = {isa = PBXBuildFile; fileRef = 838EB0F06997424B94EA0452 /* SimpleLineIcons.ttf */; };
		0C0F70B754F341EE9A2443E3 /* Zocial.ttf in Resources */ = {isa = PBXBuildFile; fileRef = B4B879AFE04D4D6E907A2404 /* Zocial.ttf */; };
		424168C032DC4908930E23C0 /* WorkSans-Black.ttf in Resources */ = {isa = PBXBuildFile; fileRef = 4A6E152B318A4742A8040EC6 /* WorkSans-Black.ttf */; };
		543DAD3554494683B8AFB096 /* WorkSans-BlackItalic.ttf in Resources */ = {isa = PBXBuildFile; fileRef = CA08F998A77A4E35BA3E902F /* WorkSans-BlackItalic.ttf */; };
		34557B7A1BAC4D4FB28E2F49 /* WorkSans-Bold.ttf in Resources */ = {isa = PBXBuildFile; fileRef = FB8621F8C3204EF2B9A245C8 /* WorkSans-Bold.ttf */; };
		81DD917B5B824DD7A73B31EB /* WorkSans-BoldItalic.ttf in Resources */ = {isa = PBXBuildFile; fileRef = E719AD9783AF432EA2F031EF /* WorkSans-BoldItalic.ttf */; };
		F11E1193327F4273A3113001 /* WorkSans-ExtraBold.ttf in Resources */ = {isa = PBXBuildFile; fileRef = E6529738128C459EA331C60B /* WorkSans-ExtraBold.ttf */; };
		F334B412937B49FD9019A003 /* WorkSans-ExtraBoldItalic.ttf in Resources */ = {isa = PBXBuildFile; fileRef = 415F25A19FBE4A0397D278F5 /* WorkSans-ExtraBoldItalic.ttf */; };
		BE714A9E14AC418685D4154E /* WorkSans-ExtraLight.ttf in Resources */ = {isa = PBXBuildFile; fileRef = 2FDB3DDFB8FB4C3EA3B4B38C /* WorkSans-ExtraLight.ttf */; };
		3B931E2F41C64AA3A8A8451F /* WorkSans-ExtraLightItalic.ttf in Resources */ = {isa = PBXBuildFile; fileRef = 7EBF248531384076B1F52B06 /* WorkSans-ExtraLightItalic.ttf */; };
		6107E6A27183472F8258609B /* WorkSans-Italic.ttf in Resources */ = {isa = PBXBuildFile; fileRef = 3A8354ADB710421FB8FD18AC /* WorkSans-Italic.ttf */; };
		CD6DA20ACAE445EDBE36FB1C /* WorkSans-Light.ttf in Resources */ = {isa = PBXBuildFile; fileRef = BF7F8F20FBDB4AC295DF0855 /* WorkSans-Light.ttf */; };
		D145013DE54847DF83F4F11C /* WorkSans-LightItalic.ttf in Resources */ = {isa = PBXBuildFile; fileRef = 51584F945B1641738206F2A2 /* WorkSans-LightItalic.ttf */; };
		DC51311326F44001B2197C0A /* WorkSans-Medium.ttf in Resources */ = {isa = PBXBuildFile; fileRef = 5C6C98D1F0034D1D98CCEDE5 /* WorkSans-Medium.ttf */; };
		0446D619071F4F98A75A3139 /* WorkSans-MediumItalic.ttf in Resources */ = {isa = PBXBuildFile; fileRef = 0E5D50958F424A50BC457365 /* WorkSans-MediumItalic.ttf */; };
		7CAC0183BCBE45BEAEBFB9EA /* WorkSans-Regular.ttf in Resources */ = {isa = PBXBuildFile; fileRef = C64BA12BEF674A7AB002509C /* WorkSans-Regular.ttf */; };
		23E9BD4EECB34D9E89796041 /* WorkSans-SemiBold.ttf in Resources */ = {isa = PBXBuildFile; fileRef = 46DC4BA97943442E83AD71C7 /* WorkSans-SemiBold.ttf */; };
		3724B39F557448D4A4079E7A /* WorkSans-SemiBoldItalic.ttf in Resources */ = {isa = PBXBuildFile; fileRef = 0306E7234B88427C86418BE3 /* WorkSans-SemiBoldItalic.ttf */; };
		1998A1950FA849339107F1A7 /* WorkSans-Thin.ttf in Resources */ = {isa = PBXBuildFile; fileRef = F6BD50DBBD244DF0BFB70A57 /* WorkSans-Thin.ttf */; };
		5427ECA7CD4443708A57B492 /* WorkSans-ThinItalic.ttf in Resources */ = {isa = PBXBuildFile; fileRef = A139B33CA62246BA82824293 /* WorkSans-ThinItalic.ttf */; };
		269B6C7A8CB747EC8798127E /* WorkSans-Italic-VariableFont_wght.ttf in Resources */ = {isa = PBXBuildFile; fileRef = 2A91D137093A448AAEE110A8 /* WorkSans-Italic-VariableFont_wght.ttf */; };
		02AFB64967F14C4986C69486 /* WorkSans-VariableFont_wght.ttf in Resources */ = {isa = PBXBuildFile; fileRef = 50947A4C3A454C4D9E192DD1 /* WorkSans-VariableFont_wght.ttf */; };
		4E299107C2D748CE8A235E47 /* WorkSans-Black.ttf in Resources */ = {isa = PBXBuildFile; fileRef = 768AF8C77CCA46809378B537 /* WorkSans-Black.ttf */; };
		DB05EE78AF194BDEBA2B934C /* WorkSans-BlackItalic.ttf in Resources */ = {isa = PBXBuildFile; fileRef = 0327D26A05424EBAB3D9AD1C /* WorkSans-BlackItalic.ttf */; };
		6BC6AA01646B4F7CA0883021 /* WorkSans-Bold.ttf in Resources */ = {isa = PBXBuildFile; fileRef = 1D89E329C66F48D9A1513D9C /* WorkSans-Bold.ttf */; };
		F326474986E24598AD35DFC3 /* WorkSans-BoldItalic.ttf in Resources */ = {isa = PBXBuildFile; fileRef = 6DBE3CAA2EB74B7992687A97 /* WorkSans-BoldItalic.ttf */; };
		FB9C6B7D996A432A958AB6C6 /* WorkSans-ExtraBold.ttf in Resources */ = {isa = PBXBuildFile; fileRef = F61BD7A122F84E86A597E379 /* WorkSans-ExtraBold.ttf */; };
		DEB6F10FD64C495B8D8F5432 /* WorkSans-ExtraBoldItalic.ttf in Resources */ = {isa = PBXBuildFile; fileRef = 669CFEDD1EB34BE282FD0FAC /* WorkSans-ExtraBoldItalic.ttf */; };
		989403F34A5F45E884EA4CA5 /* WorkSans-ExtraLight.ttf in Resources */ = {isa = PBXBuildFile; fileRef = 38FE1617C1CB423FBEB5A76C /* WorkSans-ExtraLight.ttf */; };
		E65EBBCC575D49458C2E43C0 /* WorkSans-ExtraLightItalic.ttf in Resources */ = {isa = PBXBuildFile; fileRef = A37551A68BBB4B1D95513EFD /* WorkSans-ExtraLightItalic.ttf */; };
		7713CAEC3DAD4B5C8077AAC8 /* WorkSans-Italic.ttf in Resources */ = {isa = PBXBuildFile; fileRef = B0C578FC46C148188E72F9FE /* WorkSans-Italic.ttf */; };
		0CD098E54AD545EFA0493844 /* WorkSans-Light.ttf in Resources */ = {isa = PBXBuildFile; fileRef = 492817DC85D6473FB80AE7C6 /* WorkSans-Light.ttf */; };
		149FFDE0C6B948878E6240EC /* WorkSans-LightItalic.ttf in Resources */ = {isa = PBXBuildFile; fileRef = EBA01AC4425F46A08E95DD36 /* WorkSans-LightItalic.ttf */; };
		75463579F73D42CE9D2D5C04 /* WorkSans-Medium.ttf in Resources */ = {isa = PBXBuildFile; fileRef = B291BFD9014744A2A3129081 /* WorkSans-Medium.ttf */; };
		050C8EF1FAC54C5FBE55B078 /* WorkSans-MediumItalic.ttf in Resources */ = {isa = PBXBuildFile; fileRef = 67BF54B305D64702A188FF90 /* WorkSans-MediumItalic.ttf */; };
		BB354A9D14EC429EAAA1F895 /* WorkSans-Regular.ttf in Resources */ = {isa = PBXBuildFile; fileRef = 4396DE59C81E444CA8F1EDBB /* WorkSans-Regular.ttf */; };
		12B058B633C9423A8454E08D /* WorkSans-SemiBold.ttf in Resources */ = {isa = PBXBuildFile; fileRef = D5C113ECA8584142B01F7D00 /* WorkSans-SemiBold.ttf */; };
		BC51C67085A9466E8E5101BD /* WorkSans-SemiBoldItalic.ttf in Resources */ = {isa = PBXBuildFile; fileRef = AF0EC424313C4C1B8E41359E /* WorkSans-SemiBoldItalic.ttf */; };
		70B21905C0904A1591FB5F41 /* WorkSans-Thin.ttf in Resources */ = {isa = PBXBuildFile; fileRef = 5FD0075A08854818AFFB03A9 /* WorkSans-Thin.ttf */; };
		92F8BF03FC4840A6AC84C299 /* WorkSans-ThinItalic.ttf in Resources */ = {isa = PBXBuildFile; fileRef = 45448578D0BF4AA39FB0681E /* WorkSans-ThinItalic.ttf */; };
		06B16B2BD1AA4A73AD10863C /* Lato-Bold.ttf in Resources */ = {isa = PBXBuildFile; fileRef = DB9431233ECD474B8B49690A /* Lato-Bold.ttf */; };
		7B214CE45CF1498BB1C1897F /* Lato-Light.ttf in Resources */ = {isa = PBXBuildFile; fileRef = 5C4FB8BE02204F77B77D4E32 /* Lato-Light.ttf */; };
		F050817E29864983BA177A91 /* Lato-Regular.ttf in Resources */ = {isa = PBXBuildFile; fileRef = 9AA7EB0C18AB400AAD0F509F /* Lato-Regular.ttf */; };
		E78A4AC0931D4172A92BCB11 /* Lato-Thin.ttf in Resources */ = {isa = PBXBuildFile; fileRef = 014D178F66404B77BDA0F7EF /* Lato-Thin.ttf */; };
		9AA3201908B7460694E0CF0A /* Lowvetica.ttf in Resources */ = {isa = PBXBuildFile; fileRef = ACAE1CDE7B70491784BC35EF /* Lowvetica.ttf */; };
		1306F1AD89674000A4258C9E /* RobotoCondensed-Bold.ttf in Resources */ = {isa = PBXBuildFile; fileRef = C76B853FF7EE4A45B85BA674 /* RobotoCondensed-Bold.ttf */; };
		1047FF44984B4ADF84FB97DE /* RobotoCondensed-BoldItalic.ttf in Resources */ = {isa = PBXBuildFile; fileRef = 1E49823857494828A79149F3 /* RobotoCondensed-BoldItalic.ttf */; };
		C10947E1856F44919FF850C9 /* RobotoCondensed-Light.ttf in Resources */ = {isa = PBXBuildFile; fileRef = 8E061C884B2148A481FE0B2C /* RobotoCondensed-Light.ttf */; };
		B2658AD11C8746BF91D24B64 /* RobotoCondensed-LightItalic.ttf in Resources */ = {isa = PBXBuildFile; fileRef = DA1103A9774649C193E5ACAA /* RobotoCondensed-LightItalic.ttf */; };
		907F808DB249451EB01AAF6B /* RobotoCondensed-Regular.ttf in Resources */ = {isa = PBXBuildFile; fileRef = D599E57CB65E499C86C1CB6E /* RobotoCondensed-Regular.ttf */; };
		AD412144C2554BE598109543 /* Helvetica Neu Bold.ttf in Resources */ = {isa = PBXBuildFile; fileRef = 9E96282D870F430AA9E2AA49 /* Helvetica Neu Bold.ttf */; };
		51F142DA597A42A6AFE82CD1 /* HelveticaNeue BlackCond.ttf in Resources */ = {isa = PBXBuildFile; fileRef = DC5DD29641764758B85FAD79 /* HelveticaNeue BlackCond.ttf */; };
		C707BE64EA2A4761A734A54F /* HelveticaNeue Light.ttf in Resources */ = {isa = PBXBuildFile; fileRef = 975F38CE08FF49438296C2DD /* HelveticaNeue Light.ttf */; };
		EE2FC9222C3346E0A23FC98C /* HelveticaNeue Medium.ttf in Resources */ = {isa = PBXBuildFile; fileRef = 5D036633959A4181A7E34A89 /* HelveticaNeue Medium.ttf */; };
		421E5F3B5FAC499BB553E0FA /* HelveticaNeue Thin.ttf in Resources */ = {isa = PBXBuildFile; fileRef = CE0803C6C7D7400B87BBBF6B /* HelveticaNeue Thin.ttf */; };
		E9C3D75879054408AFB022AF /* HelveticaNeue.ttf in Resources */ = {isa = PBXBuildFile; fileRef = 79D17B6A8A784B1AB63F0EE0 /* HelveticaNeue.ttf */; };
		0317D786637044698F68E3FB /* HelveticaNeueBd.ttf in Resources */ = {isa = PBXBuildFile; fileRef = D270E81A83AB4A7F97BA0688 /* HelveticaNeueBd.ttf */; };
		159B9DE06C664411ACCC3D73 /* HelveticaNeueHv.ttf in Resources */ = {isa = PBXBuildFile; fileRef = DEDCC4FA3A3E4E7D998C7E68 /* HelveticaNeueHv.ttf */; };
		1EB0EFA3BB744416B882E0FF /* HelveticaNeueIt.ttf in Resources */ = {isa = PBXBuildFile; fileRef = 42245A44C7CD4E498621A413 /* HelveticaNeueIt.ttf */; };
		B791714643904F5599DB4C38 /* HelveticaNeueLt.ttf in Resources */ = {isa = PBXBuildFile; fileRef = 6C28BFBEFC684D04A04BD0BC /* HelveticaNeueLt.ttf */; };
		1623BB5B57B84B6DB43148B1 /* HelveticaNeueMed.ttf in Resources */ = {isa = PBXBuildFile; fileRef = 5836DAAFF6504AD8BF32B1BC /* HelveticaNeueMed.ttf */; };
/* End PBXBuildFile section */

/* Begin PBXContainerItemProxy section */
		00E356F41AD99517003FC87E /* PBXContainerItemProxy */ = {
			isa = PBXContainerItemProxy;
			containerPortal = 83CBB9F71A601CBA00E9B192 /* Project object */;
			proxyType = 1;
			remoteGlobalIDString = 13B07F861A680F5B00A75B9A;
			remoteInfo = testapp;
		};
		2D02E4911E0B4A5D006451C7 /* PBXContainerItemProxy */ = {
			isa = PBXContainerItemProxy;
			containerPortal = 83CBB9F71A601CBA00E9B192 /* Project object */;
			proxyType = 1;
			remoteGlobalIDString = 2D02E47A1E0B4A5D006451C7;
			remoteInfo = "testapp-tvOS";
		};
/* End PBXContainerItemProxy section */

/* Begin PBXFileReference section */
		008F07F21AC5B25A0029DE68 /* main.jsbundle */ = {isa = PBXFileReference; fileEncoding = 4; lastKnownFileType = text; path = main.jsbundle; sourceTree = "<group>"; };
		00E356EE1AD99517003FC87E /* testappTests.xctest */ = {isa = PBXFileReference; explicitFileType = wrapper.cfbundle; includeInIndex = 0; path = testappTests.xctest; sourceTree = BUILT_PRODUCTS_DIR; };
		00E356F11AD99517003FC87E /* Info.plist */ = {isa = PBXFileReference; lastKnownFileType = text.plist.xml; path = Info.plist; sourceTree = "<group>"; };
		00E356F21AD99517003FC87E /* testappTests.m */ = {isa = PBXFileReference; lastKnownFileType = sourcecode.c.objc; path = testappTests.m; sourceTree = "<group>"; };
		13B07F961A680F5B00A75B9A /* testapp.app */ = {isa = PBXFileReference; explicitFileType = wrapper.application; includeInIndex = 0; path = testapp.app; sourceTree = BUILT_PRODUCTS_DIR; };
		13B07FAF1A68108700A75B9A /* AppDelegate.h */ = {isa = PBXFileReference; fileEncoding = 4; lastKnownFileType = sourcecode.c.h; name = AppDelegate.h; path = testapp/AppDelegate.h; sourceTree = "<group>"; };
		13B07FB01A68108700A75B9A /* AppDelegate.m */ = {isa = PBXFileReference; fileEncoding = 4; lastKnownFileType = sourcecode.c.objc; name = AppDelegate.m; path = testapp/AppDelegate.m; sourceTree = "<group>"; };
		13B07FB51A68108700A75B9A /* Images.xcassets */ = {isa = PBXFileReference; lastKnownFileType = folder.assetcatalog; name = Images.xcassets; path = testapp/Images.xcassets; sourceTree = "<group>"; };
		13B07FB61A68108700A75B9A /* Info.plist */ = {isa = PBXFileReference; fileEncoding = 4; lastKnownFileType = text.plist.xml; name = Info.plist; path = testapp/Info.plist; sourceTree = "<group>"; };
		13B07FB71A68108700A75B9A /* main.m */ = {isa = PBXFileReference; fileEncoding = 4; lastKnownFileType = sourcecode.c.objc; name = main.m; path = testapp/main.m; sourceTree = "<group>"; };
		2D02E47B1E0B4A5D006451C7 /* testapp-tvOS.app */ = {isa = PBXFileReference; explicitFileType = wrapper.application; includeInIndex = 0; path = "testapp-tvOS.app"; sourceTree = BUILT_PRODUCTS_DIR; };
		2D02E4901E0B4A5D006451C7 /* testapp-tvOSTests.xctest */ = {isa = PBXFileReference; explicitFileType = wrapper.cfbundle; includeInIndex = 0; path = "testapp-tvOSTests.xctest"; sourceTree = BUILT_PRODUCTS_DIR; };
		81AB9BB72411601600AC10FF /* LaunchScreen.storyboard */ = {isa = PBXFileReference; fileEncoding = 4; lastKnownFileType = file.storyboard; name = LaunchScreen.storyboard; path = testapp/LaunchScreen.storyboard; sourceTree = "<group>"; };
		ED297162215061F000B7C4FE /* JavaScriptCore.framework */ = {isa = PBXFileReference; lastKnownFileType = wrapper.framework; name = JavaScriptCore.framework; path = System/Library/Frameworks/JavaScriptCore.framework; sourceTree = SDKROOT; };
		ED2971642150620600B7C4FE /* JavaScriptCore.framework */ = {isa = PBXFileReference; lastKnownFileType = wrapper.framework; name = JavaScriptCore.framework; path = Platforms/AppleTVOS.platform/Developer/SDKs/AppleTVOS12.0.sdk/System/Library/Frameworks/JavaScriptCore.framework; sourceTree = DEVELOPER_DIR; };
		CE347D2033A9415AA08E61BC /* AntDesign.ttf */ = {isa = PBXFileReference; name = "AntDesign.ttf"; path = "../node_modules/react-native-vector-icons/Fonts/AntDesign.ttf"; sourceTree = "<group>"; fileEncoding = undefined; lastKnownFileType = unknown; explicitFileType = undefined; includeInIndex = 0; };
		CB2EFEA8E5E34D38BA2D439A /* Entypo.ttf */ = {isa = PBXFileReference; name = "Entypo.ttf"; path = "../node_modules/react-native-vector-icons/Fonts/Entypo.ttf"; sourceTree = "<group>"; fileEncoding = undefined; lastKnownFileType = unknown; explicitFileType = undefined; includeInIndex = 0; };
		2BA59EFC820F4BC181C6F9C9 /* EvilIcons.ttf */ = {isa = PBXFileReference; name = "EvilIcons.ttf"; path = "../node_modules/react-native-vector-icons/Fonts/EvilIcons.ttf"; sourceTree = "<group>"; fileEncoding = undefined; lastKnownFileType = unknown; explicitFileType = undefined; includeInIndex = 0; };
		96A9FCC5526F4B9C82C3942D /* Feather.ttf */ = {isa = PBXFileReference; name = "Feather.ttf"; path = "../node_modules/react-native-vector-icons/Fonts/Feather.ttf"; sourceTree = "<group>"; fileEncoding = undefined; lastKnownFileType = unknown; explicitFileType = undefined; includeInIndex = 0; };
		9F330C6F4ACB4BF386B498E6 /* FontAwesome.ttf */ = {isa = PBXFileReference; name = "FontAwesome.ttf"; path = "../node_modules/react-native-vector-icons/Fonts/FontAwesome.ttf"; sourceTree = "<group>"; fileEncoding = undefined; lastKnownFileType = unknown; explicitFileType = undefined; includeInIndex = 0; };
		FB01B38909C34C15BC8204EE /* FontAwesome5_Brands.ttf */ = {isa = PBXFileReference; name = "FontAwesome5_Brands.ttf"; path = "../node_modules/react-native-vector-icons/Fonts/FontAwesome5_Brands.ttf"; sourceTree = "<group>"; fileEncoding = undefined; lastKnownFileType = unknown; explicitFileType = undefined; includeInIndex = 0; };
		75F0D69EF21F405299DB76F9 /* FontAwesome5_Regular.ttf */ = {isa = PBXFileReference; name = "FontAwesome5_Regular.ttf"; path = "../node_modules/react-native-vector-icons/Fonts/FontAwesome5_Regular.ttf"; sourceTree = "<group>"; fileEncoding = undefined; lastKnownFileType = unknown; explicitFileType = undefined; includeInIndex = 0; };
		2A8022B560344697AB29F9DB /* FontAwesome5_Solid.ttf */ = {isa = PBXFileReference; name = "FontAwesome5_Solid.ttf"; path = "../node_modules/react-native-vector-icons/Fonts/FontAwesome5_Solid.ttf"; sourceTree = "<group>"; fileEncoding = undefined; lastKnownFileType = unknown; explicitFileType = undefined; includeInIndex = 0; };
		0E76D27CF3054EF1910A8035 /* Fontisto.ttf */ = {isa = PBXFileReference; name = "Fontisto.ttf"; path = "../node_modules/react-native-vector-icons/Fonts/Fontisto.ttf"; sourceTree = "<group>"; fileEncoding = undefined; lastKnownFileType = unknown; explicitFileType = undefined; includeInIndex = 0; };
		40645A9EB9B949E59D927FB5 /* Foundation.ttf */ = {isa = PBXFileReference; name = "Foundation.ttf"; path = "../node_modules/react-native-vector-icons/Fonts/Foundation.ttf"; sourceTree = "<group>"; fileEncoding = undefined; lastKnownFileType = unknown; explicitFileType = undefined; includeInIndex = 0; };
		3DCDE46C11BD47EFBAD3C965 /* Ionicons.ttf */ = {isa = PBXFileReference; name = "Ionicons.ttf"; path = "../node_modules/react-native-vector-icons/Fonts/Ionicons.ttf"; sourceTree = "<group>"; fileEncoding = undefined; lastKnownFileType = unknown; explicitFileType = undefined; includeInIndex = 0; };
		19787DFFC77142068C429103 /* MaterialCommunityIcons.ttf */ = {isa = PBXFileReference; name = "MaterialCommunityIcons.ttf"; path = "../node_modules/react-native-vector-icons/Fonts/MaterialCommunityIcons.ttf"; sourceTree = "<group>"; fileEncoding = undefined; lastKnownFileType = unknown; explicitFileType = undefined; includeInIndex = 0; };
		389F6BF173D84ADCB3F8EC82 /* MaterialIcons.ttf */ = {isa = PBXFileReference; name = "MaterialIcons.ttf"; path = "../node_modules/react-native-vector-icons/Fonts/MaterialIcons.ttf"; sourceTree = "<group>"; fileEncoding = undefined; lastKnownFileType = unknown; explicitFileType = undefined; includeInIndex = 0; };
		EE929F81502748CEAE39C62B /* Octicons.ttf */ = {isa = PBXFileReference; name = "Octicons.ttf"; path = "../node_modules/react-native-vector-icons/Fonts/Octicons.ttf"; sourceTree = "<group>"; fileEncoding = undefined; lastKnownFileType = unknown; explicitFileType = undefined; includeInIndex = 0; };
		838EB0F06997424B94EA0452 /* SimpleLineIcons.ttf */ = {isa = PBXFileReference; name = "SimpleLineIcons.ttf"; path = "../node_modules/react-native-vector-icons/Fonts/SimpleLineIcons.ttf"; sourceTree = "<group>"; fileEncoding = undefined; lastKnownFileType = unknown; explicitFileType = undefined; includeInIndex = 0; };
		B4B879AFE04D4D6E907A2404 /* Zocial.ttf */ = {isa = PBXFileReference; name = "Zocial.ttf"; path = "../node_modules/react-native-vector-icons/Fonts/Zocial.ttf"; sourceTree = "<group>"; fileEncoding = undefined; lastKnownFileType = unknown; explicitFileType = undefined; includeInIndex = 0; };
		4A6E152B318A4742A8040EC6 /* WorkSans-Black.ttf */ = {isa = PBXFileReference; name = "WorkSans-Black.ttf"; path = "../assets/fonts/Work_Sans/static/WorkSans-Black.ttf"; sourceTree = "<group>"; fileEncoding = undefined; lastKnownFileType = unknown; explicitFileType = undefined; includeInIndex = 0; };
		CA08F998A77A4E35BA3E902F /* WorkSans-BlackItalic.ttf */ = {isa = PBXFileReference; name = "WorkSans-BlackItalic.ttf"; path = "../assets/fonts/Work_Sans/static/WorkSans-BlackItalic.ttf"; sourceTree = "<group>"; fileEncoding = undefined; lastKnownFileType = unknown; explicitFileType = undefined; includeInIndex = 0; };
		FB8621F8C3204EF2B9A245C8 /* WorkSans-Bold.ttf */ = {isa = PBXFileReference; name = "WorkSans-Bold.ttf"; path = "../assets/fonts/Work_Sans/static/WorkSans-Bold.ttf"; sourceTree = "<group>"; fileEncoding = undefined; lastKnownFileType = unknown; explicitFileType = undefined; includeInIndex = 0; };
		E719AD9783AF432EA2F031EF /* WorkSans-BoldItalic.ttf */ = {isa = PBXFileReference; name = "WorkSans-BoldItalic.ttf"; path = "../assets/fonts/Work_Sans/static/WorkSans-BoldItalic.ttf"; sourceTree = "<group>"; fileEncoding = undefined; lastKnownFileType = unknown; explicitFileType = undefined; includeInIndex = 0; };
		E6529738128C459EA331C60B /* WorkSans-ExtraBold.ttf */ = {isa = PBXFileReference; name = "WorkSans-ExtraBold.ttf"; path = "../assets/fonts/Work_Sans/static/WorkSans-ExtraBold.ttf"; sourceTree = "<group>"; fileEncoding = undefined; lastKnownFileType = unknown; explicitFileType = undefined; includeInIndex = 0; };
		415F25A19FBE4A0397D278F5 /* WorkSans-ExtraBoldItalic.ttf */ = {isa = PBXFileReference; name = "WorkSans-ExtraBoldItalic.ttf"; path = "../assets/fonts/Work_Sans/static/WorkSans-ExtraBoldItalic.ttf"; sourceTree = "<group>"; fileEncoding = undefined; lastKnownFileType = unknown; explicitFileType = undefined; includeInIndex = 0; };
		2FDB3DDFB8FB4C3EA3B4B38C /* WorkSans-ExtraLight.ttf */ = {isa = PBXFileReference; name = "WorkSans-ExtraLight.ttf"; path = "../assets/fonts/Work_Sans/static/WorkSans-ExtraLight.ttf"; sourceTree = "<group>"; fileEncoding = undefined; lastKnownFileType = unknown; explicitFileType = undefined; includeInIndex = 0; };
		7EBF248531384076B1F52B06 /* WorkSans-ExtraLightItalic.ttf */ = {isa = PBXFileReference; name = "WorkSans-ExtraLightItalic.ttf"; path = "../assets/fonts/Work_Sans/static/WorkSans-ExtraLightItalic.ttf"; sourceTree = "<group>"; fileEncoding = undefined; lastKnownFileType = unknown; explicitFileType = undefined; includeInIndex = 0; };
		3A8354ADB710421FB8FD18AC /* WorkSans-Italic.ttf */ = {isa = PBXFileReference; name = "WorkSans-Italic.ttf"; path = "../assets/fonts/Work_Sans/static/WorkSans-Italic.ttf"; sourceTree = "<group>"; fileEncoding = undefined; lastKnownFileType = unknown; explicitFileType = undefined; includeInIndex = 0; };
		BF7F8F20FBDB4AC295DF0855 /* WorkSans-Light.ttf */ = {isa = PBXFileReference; name = "WorkSans-Light.ttf"; path = "../assets/fonts/Work_Sans/static/WorkSans-Light.ttf"; sourceTree = "<group>"; fileEncoding = undefined; lastKnownFileType = unknown; explicitFileType = undefined; includeInIndex = 0; };
		51584F945B1641738206F2A2 /* WorkSans-LightItalic.ttf */ = {isa = PBXFileReference; name = "WorkSans-LightItalic.ttf"; path = "../assets/fonts/Work_Sans/static/WorkSans-LightItalic.ttf"; sourceTree = "<group>"; fileEncoding = undefined; lastKnownFileType = unknown; explicitFileType = undefined; includeInIndex = 0; };
		5C6C98D1F0034D1D98CCEDE5 /* WorkSans-Medium.ttf */ = {isa = PBXFileReference; name = "WorkSans-Medium.ttf"; path = "../assets/fonts/Work_Sans/static/WorkSans-Medium.ttf"; sourceTree = "<group>"; fileEncoding = undefined; lastKnownFileType = unknown; explicitFileType = undefined; includeInIndex = 0; };
		0E5D50958F424A50BC457365 /* WorkSans-MediumItalic.ttf */ = {isa = PBXFileReference; name = "WorkSans-MediumItalic.ttf"; path = "../assets/fonts/Work_Sans/static/WorkSans-MediumItalic.ttf"; sourceTree = "<group>"; fileEncoding = undefined; lastKnownFileType = unknown; explicitFileType = undefined; includeInIndex = 0; };
		C64BA12BEF674A7AB002509C /* WorkSans-Regular.ttf */ = {isa = PBXFileReference; name = "WorkSans-Regular.ttf"; path = "../assets/fonts/Work_Sans/static/WorkSans-Regular.ttf"; sourceTree = "<group>"; fileEncoding = undefined; lastKnownFileType = unknown; explicitFileType = undefined; includeInIndex = 0; };
		46DC4BA97943442E83AD71C7 /* WorkSans-SemiBold.ttf */ = {isa = PBXFileReference; name = "WorkSans-SemiBold.ttf"; path = "../assets/fonts/Work_Sans/static/WorkSans-SemiBold.ttf"; sourceTree = "<group>"; fileEncoding = undefined; lastKnownFileType = unknown; explicitFileType = undefined; includeInIndex = 0; };
		0306E7234B88427C86418BE3 /* WorkSans-SemiBoldItalic.ttf */ = {isa = PBXFileReference; name = "WorkSans-SemiBoldItalic.ttf"; path = "../assets/fonts/Work_Sans/static/WorkSans-SemiBoldItalic.ttf"; sourceTree = "<group>"; fileEncoding = undefined; lastKnownFileType = unknown; explicitFileType = undefined; includeInIndex = 0; };
		F6BD50DBBD244DF0BFB70A57 /* WorkSans-Thin.ttf */ = {isa = PBXFileReference; name = "WorkSans-Thin.ttf"; path = "../assets/fonts/Work_Sans/static/WorkSans-Thin.ttf"; sourceTree = "<group>"; fileEncoding = undefined; lastKnownFileType = unknown; explicitFileType = undefined; includeInIndex = 0; };
		A139B33CA62246BA82824293 /* WorkSans-ThinItalic.ttf */ = {isa = PBXFileReference; name = "WorkSans-ThinItalic.ttf"; path = "../assets/fonts/Work_Sans/static/WorkSans-ThinItalic.ttf"; sourceTree = "<group>"; fileEncoding = undefined; lastKnownFileType = unknown; explicitFileType = undefined; includeInIndex = 0; };
		2A91D137093A448AAEE110A8 /* WorkSans-Italic-VariableFont_wght.ttf */ = {isa = PBXFileReference; name = "WorkSans-Italic-VariableFont_wght.ttf"; path = "../assets/fonts/Work_Sans/WorkSans-Italic-VariableFont_wght.ttf"; sourceTree = "<group>"; fileEncoding = undefined; lastKnownFileType = unknown; explicitFileType = undefined; includeInIndex = 0; };
		50947A4C3A454C4D9E192DD1 /* WorkSans-VariableFont_wght.ttf */ = {isa = PBXFileReference; name = "WorkSans-VariableFont_wght.ttf"; path = "../assets/fonts/Work_Sans/WorkSans-VariableFont_wght.ttf"; sourceTree = "<group>"; fileEncoding = undefined; lastKnownFileType = unknown; explicitFileType = undefined; includeInIndex = 0; };
		768AF8C77CCA46809378B537 /* WorkSans-Black.ttf */ = {isa = PBXFileReference; name = "WorkSans-Black.ttf"; path = "../assets/fonts/WorkSans-Black.ttf"; sourceTree = "<group>"; fileEncoding = undefined; lastKnownFileType = unknown; explicitFileType = undefined; includeInIndex = 0; };
		0327D26A05424EBAB3D9AD1C /* WorkSans-BlackItalic.ttf */ = {isa = PBXFileReference; name = "WorkSans-BlackItalic.ttf"; path = "../assets/fonts/WorkSans-BlackItalic.ttf"; sourceTree = "<group>"; fileEncoding = undefined; lastKnownFileType = unknown; explicitFileType = undefined; includeInIndex = 0; };
		1D89E329C66F48D9A1513D9C /* WorkSans-Bold.ttf */ = {isa = PBXFileReference; name = "WorkSans-Bold.ttf"; path = "../assets/fonts/WorkSans-Bold.ttf"; sourceTree = "<group>"; fileEncoding = undefined; lastKnownFileType = unknown; explicitFileType = undefined; includeInIndex = 0; };
		6DBE3CAA2EB74B7992687A97 /* WorkSans-BoldItalic.ttf */ = {isa = PBXFileReference; name = "WorkSans-BoldItalic.ttf"; path = "../assets/fonts/WorkSans-BoldItalic.ttf"; sourceTree = "<group>"; fileEncoding = undefined; lastKnownFileType = unknown; explicitFileType = undefined; includeInIndex = 0; };
		F61BD7A122F84E86A597E379 /* WorkSans-ExtraBold.ttf */ = {isa = PBXFileReference; name = "WorkSans-ExtraBold.ttf"; path = "../assets/fonts/WorkSans-ExtraBold.ttf"; sourceTree = "<group>"; fileEncoding = undefined; lastKnownFileType = unknown; explicitFileType = undefined; includeInIndex = 0; };
		669CFEDD1EB34BE282FD0FAC /* WorkSans-ExtraBoldItalic.ttf */ = {isa = PBXFileReference; name = "WorkSans-ExtraBoldItalic.ttf"; path = "../assets/fonts/WorkSans-ExtraBoldItalic.ttf"; sourceTree = "<group>"; fileEncoding = undefined; lastKnownFileType = unknown; explicitFileType = undefined; includeInIndex = 0; };
		38FE1617C1CB423FBEB5A76C /* WorkSans-ExtraLight.ttf */ = {isa = PBXFileReference; name = "WorkSans-ExtraLight.ttf"; path = "../assets/fonts/WorkSans-ExtraLight.ttf"; sourceTree = "<group>"; fileEncoding = undefined; lastKnownFileType = unknown; explicitFileType = undefined; includeInIndex = 0; };
		A37551A68BBB4B1D95513EFD /* WorkSans-ExtraLightItalic.ttf */ = {isa = PBXFileReference; name = "WorkSans-ExtraLightItalic.ttf"; path = "../assets/fonts/WorkSans-ExtraLightItalic.ttf"; sourceTree = "<group>"; fileEncoding = undefined; lastKnownFileType = unknown; explicitFileType = undefined; includeInIndex = 0; };
		B0C578FC46C148188E72F9FE /* WorkSans-Italic.ttf */ = {isa = PBXFileReference; name = "WorkSans-Italic.ttf"; path = "../assets/fonts/WorkSans-Italic.ttf"; sourceTree = "<group>"; fileEncoding = undefined; lastKnownFileType = unknown; explicitFileType = undefined; includeInIndex = 0; };
		492817DC85D6473FB80AE7C6 /* WorkSans-Light.ttf */ = {isa = PBXFileReference; name = "WorkSans-Light.ttf"; path = "../assets/fonts/WorkSans-Light.ttf"; sourceTree = "<group>"; fileEncoding = undefined; lastKnownFileType = unknown; explicitFileType = undefined; includeInIndex = 0; };
		EBA01AC4425F46A08E95DD36 /* WorkSans-LightItalic.ttf */ = {isa = PBXFileReference; name = "WorkSans-LightItalic.ttf"; path = "../assets/fonts/WorkSans-LightItalic.ttf"; sourceTree = "<group>"; fileEncoding = undefined; lastKnownFileType = unknown; explicitFileType = undefined; includeInIndex = 0; };
		B291BFD9014744A2A3129081 /* WorkSans-Medium.ttf */ = {isa = PBXFileReference; name = "WorkSans-Medium.ttf"; path = "../assets/fonts/WorkSans-Medium.ttf"; sourceTree = "<group>"; fileEncoding = undefined; lastKnownFileType = unknown; explicitFileType = undefined; includeInIndex = 0; };
		67BF54B305D64702A188FF90 /* WorkSans-MediumItalic.ttf */ = {isa = PBXFileReference; name = "WorkSans-MediumItalic.ttf"; path = "../assets/fonts/WorkSans-MediumItalic.ttf"; sourceTree = "<group>"; fileEncoding = undefined; lastKnownFileType = unknown; explicitFileType = undefined; includeInIndex = 0; };
		4396DE59C81E444CA8F1EDBB /* WorkSans-Regular.ttf */ = {isa = PBXFileReference; name = "WorkSans-Regular.ttf"; path = "../assets/fonts/WorkSans-Regular.ttf"; sourceTree = "<group>"; fileEncoding = undefined; lastKnownFileType = unknown; explicitFileType = undefined; includeInIndex = 0; };
		D5C113ECA8584142B01F7D00 /* WorkSans-SemiBold.ttf */ = {isa = PBXFileReference; name = "WorkSans-SemiBold.ttf"; path = "../assets/fonts/WorkSans-SemiBold.ttf"; sourceTree = "<group>"; fileEncoding = undefined; lastKnownFileType = unknown; explicitFileType = undefined; includeInIndex = 0; };
		AF0EC424313C4C1B8E41359E /* WorkSans-SemiBoldItalic.ttf */ = {isa = PBXFileReference; name = "WorkSans-SemiBoldItalic.ttf"; path = "../assets/fonts/WorkSans-SemiBoldItalic.ttf"; sourceTree = "<group>"; fileEncoding = undefined; lastKnownFileType = unknown; explicitFileType = undefined; includeInIndex = 0; };
		5FD0075A08854818AFFB03A9 /* WorkSans-Thin.ttf */ = {isa = PBXFileReference; name = "WorkSans-Thin.ttf"; path = "../assets/fonts/WorkSans-Thin.ttf"; sourceTree = "<group>"; fileEncoding = undefined; lastKnownFileType = unknown; explicitFileType = undefined; includeInIndex = 0; };
		45448578D0BF4AA39FB0681E /* WorkSans-ThinItalic.ttf */ = {isa = PBXFileReference; name = "WorkSans-ThinItalic.ttf"; path = "../assets/fonts/WorkSans-ThinItalic.ttf"; sourceTree = "<group>"; fileEncoding = undefined; lastKnownFileType = unknown; explicitFileType = undefined; includeInIndex = 0; };
		DB9431233ECD474B8B49690A /* Lato-Bold.ttf */ = {isa = PBXFileReference; name = "Lato-Bold.ttf"; path = "../assets/fonts/Lato-Bold.ttf"; sourceTree = "<group>"; fileEncoding = undefined; lastKnownFileType = unknown; explicitFileType = undefined; includeInIndex = 0; };
		5C4FB8BE02204F77B77D4E32 /* Lato-Light.ttf */ = {isa = PBXFileReference; name = "Lato-Light.ttf"; path = "../assets/fonts/Lato-Light.ttf"; sourceTree = "<group>"; fileEncoding = undefined; lastKnownFileType = unknown; explicitFileType = undefined; includeInIndex = 0; };
		9AA7EB0C18AB400AAD0F509F /* Lato-Regular.ttf */ = {isa = PBXFileReference; name = "Lato-Regular.ttf"; path = "../assets/fonts/Lato-Regular.ttf"; sourceTree = "<group>"; fileEncoding = undefined; lastKnownFileType = unknown; explicitFileType = undefined; includeInIndex = 0; };
		014D178F66404B77BDA0F7EF /* Lato-Thin.ttf */ = {isa = PBXFileReference; name = "Lato-Thin.ttf"; path = "../assets/fonts/Lato-Thin.ttf"; sourceTree = "<group>"; fileEncoding = undefined; lastKnownFileType = unknown; explicitFileType = undefined; includeInIndex = 0; };
		ACAE1CDE7B70491784BC35EF /* Lowvetica.ttf */ = {isa = PBXFileReference; name = "Lowvetica.ttf"; path = "../assets/fonts/Lowvetica.ttf"; sourceTree = "<group>"; fileEncoding = undefined; lastKnownFileType = unknown; explicitFileType = undefined; includeInIndex = 0; };
		C76B853FF7EE4A45B85BA674 /* RobotoCondensed-Bold.ttf */ = {isa = PBXFileReference; name = "RobotoCondensed-Bold.ttf"; path = "../assets/fonts/RobotoCondensed-Bold.ttf"; sourceTree = "<group>"; fileEncoding = undefined; lastKnownFileType = unknown; explicitFileType = undefined; includeInIndex = 0; };
		1E49823857494828A79149F3 /* RobotoCondensed-BoldItalic.ttf */ = {isa = PBXFileReference; name = "RobotoCondensed-BoldItalic.ttf"; path = "../assets/fonts/RobotoCondensed-BoldItalic.ttf"; sourceTree = "<group>"; fileEncoding = undefined; lastKnownFileType = unknown; explicitFileType = undefined; includeInIndex = 0; };
		8E061C884B2148A481FE0B2C /* RobotoCondensed-Light.ttf */ = {isa = PBXFileReference; name = "RobotoCondensed-Light.ttf"; path = "../assets/fonts/RobotoCondensed-Light.ttf"; sourceTree = "<group>"; fileEncoding = undefined; lastKnownFileType = unknown; explicitFileType = undefined; includeInIndex = 0; };
		DA1103A9774649C193E5ACAA /* RobotoCondensed-LightItalic.ttf */ = {isa = PBXFileReference; name = "RobotoCondensed-LightItalic.ttf"; path = "../assets/fonts/RobotoCondensed-LightItalic.ttf"; sourceTree = "<group>"; fileEncoding = undefined; lastKnownFileType = unknown; explicitFileType = undefined; includeInIndex = 0; };
		D599E57CB65E499C86C1CB6E /* RobotoCondensed-Regular.ttf */ = {isa = PBXFileReference; name = "RobotoCondensed-Regular.ttf"; path = "../assets/fonts/RobotoCondensed-Regular.ttf"; sourceTree = "<group>"; fileEncoding = undefined; lastKnownFileType = unknown; explicitFileType = undefined; includeInIndex = 0; };
		9E96282D870F430AA9E2AA49 /* Helvetica Neu Bold.ttf */ = {isa = PBXFileReference; name = "Helvetica Neu Bold.ttf"; path = "../assets/fonts/Helvetica Neu Bold.ttf"; sourceTree = "<group>"; fileEncoding = undefined; lastKnownFileType = unknown; explicitFileType = undefined; includeInIndex = 0; };
		DC5DD29641764758B85FAD79 /* HelveticaNeue BlackCond.ttf */ = {isa = PBXFileReference; name = "HelveticaNeue BlackCond.ttf"; path = "../assets/fonts/HelveticaNeue BlackCond.ttf"; sourceTree = "<group>"; fileEncoding = undefined; lastKnownFileType = unknown; explicitFileType = undefined; includeInIndex = 0; };
		975F38CE08FF49438296C2DD /* HelveticaNeue Light.ttf */ = {isa = PBXFileReference; name = "HelveticaNeue Light.ttf"; path = "../assets/fonts/HelveticaNeue Light.ttf"; sourceTree = "<group>"; fileEncoding = undefined; lastKnownFileType = unknown; explicitFileType = undefined; includeInIndex = 0; };
		5D036633959A4181A7E34A89 /* HelveticaNeue Medium.ttf */ = {isa = PBXFileReference; name = "HelveticaNeue Medium.ttf"; path = "../assets/fonts/HelveticaNeue Medium.ttf"; sourceTree = "<group>"; fileEncoding = undefined; lastKnownFileType = unknown; explicitFileType = undefined; includeInIndex = 0; };
		CE0803C6C7D7400B87BBBF6B /* HelveticaNeue Thin.ttf */ = {isa = PBXFileReference; name = "HelveticaNeue Thin.ttf"; path = "../assets/fonts/HelveticaNeue Thin.ttf"; sourceTree = "<group>"; fileEncoding = undefined; lastKnownFileType = unknown; explicitFileType = undefined; includeInIndex = 0; };
		79D17B6A8A784B1AB63F0EE0 /* HelveticaNeue.ttf */ = {isa = PBXFileReference; name = "HelveticaNeue.ttf"; path = "../assets/fonts/HelveticaNeue.ttf"; sourceTree = "<group>"; fileEncoding = undefined; lastKnownFileType = unknown; explicitFileType = undefined; includeInIndex = 0; };
		D270E81A83AB4A7F97BA0688 /* HelveticaNeueBd.ttf */ = {isa = PBXFileReference; name = "HelveticaNeueBd.ttf"; path = "../assets/fonts/HelveticaNeueBd.ttf"; sourceTree = "<group>"; fileEncoding = undefined; lastKnownFileType = unknown; explicitFileType = undefined; includeInIndex = 0; };
		DEDCC4FA3A3E4E7D998C7E68 /* HelveticaNeueHv.ttf */ = {isa = PBXFileReference; name = "HelveticaNeueHv.ttf"; path = "../assets/fonts/HelveticaNeueHv.ttf"; sourceTree = "<group>"; fileEncoding = undefined; lastKnownFileType = unknown; explicitFileType = undefined; includeInIndex = 0; };
		42245A44C7CD4E498621A413 /* HelveticaNeueIt.ttf */ = {isa = PBXFileReference; name = "HelveticaNeueIt.ttf"; path = "../assets/fonts/HelveticaNeueIt.ttf"; sourceTree = "<group>"; fileEncoding = undefined; lastKnownFileType = unknown; explicitFileType = undefined; includeInIndex = 0; };
		6C28BFBEFC684D04A04BD0BC /* HelveticaNeueLt.ttf */ = {isa = PBXFileReference; name = "HelveticaNeueLt.ttf"; path = "../assets/fonts/HelveticaNeueLt.ttf"; sourceTree = "<group>"; fileEncoding = undefined; lastKnownFileType = unknown; explicitFileType = undefined; includeInIndex = 0; };
		5836DAAFF6504AD8BF32B1BC /* HelveticaNeueMed.ttf */ = {isa = PBXFileReference; name = "HelveticaNeueMed.ttf"; path = "../assets/fonts/HelveticaNeueMed.ttf"; sourceTree = "<group>"; fileEncoding = undefined; lastKnownFileType = unknown; explicitFileType = undefined; includeInIndex = 0; };
/* End PBXFileReference section */

/* Begin PBXFrameworksBuildPhase section */
		00E356EB1AD99517003FC87E /* Frameworks */ = {
			isa = PBXFrameworksBuildPhase;
			buildActionMask = 2147483647;
			files = (
			);
			runOnlyForDeploymentPostprocessing = 0;
		};
		13B07F8C1A680F5B00A75B9A /* Frameworks */ = {
			isa = PBXFrameworksBuildPhase;
			buildActionMask = 2147483647;
			files = (
			);
			runOnlyForDeploymentPostprocessing = 0;
		};
		2D02E4781E0B4A5D006451C7 /* Frameworks */ = {
			isa = PBXFrameworksBuildPhase;
			buildActionMask = 2147483647;
			files = (
			);
			runOnlyForDeploymentPostprocessing = 0;
		};
		2D02E48D1E0B4A5D006451C7 /* Frameworks */ = {
			isa = PBXFrameworksBuildPhase;
			buildActionMask = 2147483647;
			files = (
			);
			runOnlyForDeploymentPostprocessing = 0;
		};
/* End PBXFrameworksBuildPhase section */

/* Begin PBXGroup section */
		00E356EF1AD99517003FC87E /* testappTests */ = {
			isa = PBXGroup;
			children = (
				00E356F21AD99517003FC87E /* testappTests.m */,
				00E356F01AD99517003FC87E /* Supporting Files */,
			);
			path = testappTests;
			sourceTree = "<group>";
		};
		00E356F01AD99517003FC87E /* Supporting Files */ = {
			isa = PBXGroup;
			children = (
				00E356F11AD99517003FC87E /* Info.plist */,
			);
			name = "Supporting Files";
			sourceTree = "<group>";
		};
		13B07FAE1A68108700A75B9A /* testapp */ = {
			isa = PBXGroup;
			children = (
				008F07F21AC5B25A0029DE68 /* main.jsbundle */,
				13B07FAF1A68108700A75B9A /* AppDelegate.h */,
				13B07FB01A68108700A75B9A /* AppDelegate.m */,
				13B07FB51A68108700A75B9A /* Images.xcassets */,
				13B07FB61A68108700A75B9A /* Info.plist */,
				81AB9BB72411601600AC10FF /* LaunchScreen.storyboard */,
				13B07FB71A68108700A75B9A /* main.m */,
			);
			name = testapp;
			sourceTree = "<group>";
		};
		2D16E6871FA4F8E400B85C8A /* Frameworks */ = {
			isa = PBXGroup;
			children = (
				ED297162215061F000B7C4FE /* JavaScriptCore.framework */,
				ED2971642150620600B7C4FE /* JavaScriptCore.framework */,
			);
			name = Frameworks;
			sourceTree = "<group>";
		};
		832341AE1AAA6A7D00B99B32 /* Libraries */ = {
			isa = PBXGroup;
			children = (
			);
			name = Libraries;
			sourceTree = "<group>";
		};
		83CBB9F61A601CBA00E9B192 = {
			isa = PBXGroup;
			children = (
				13B07FAE1A68108700A75B9A /* testapp */,
				832341AE1AAA6A7D00B99B32 /* Libraries */,
				00E356EF1AD99517003FC87E /* testappTests */,
				83CBBA001A601CBA00E9B192 /* Products */,
				2D16E6871FA4F8E400B85C8A /* Frameworks */,
				E609E4100E184225A89C0640 /* Resources */,
			);
			indentWidth = 2;
			sourceTree = "<group>";
			tabWidth = 2;
			usesTabs = 0;
		};
		83CBBA001A601CBA00E9B192 /* Products */ = {
			isa = PBXGroup;
			children = (
				13B07F961A680F5B00A75B9A /* testapp.app */,
				00E356EE1AD99517003FC87E /* testappTests.xctest */,
				2D02E47B1E0B4A5D006451C7 /* testapp-tvOS.app */,
				2D02E4901E0B4A5D006451C7 /* testapp-tvOSTests.xctest */,
			);
			name = Products;
			sourceTree = "<group>";
		};
		E609E4100E184225A89C0640 /* Resources */ = {
			isa = "PBXGroup";
			children = (
				CE347D2033A9415AA08E61BC /* AntDesign.ttf */,
				CB2EFEA8E5E34D38BA2D439A /* Entypo.ttf */,
				2BA59EFC820F4BC181C6F9C9 /* EvilIcons.ttf */,
				96A9FCC5526F4B9C82C3942D /* Feather.ttf */,
				9F330C6F4ACB4BF386B498E6 /* FontAwesome.ttf */,
				FB01B38909C34C15BC8204EE /* FontAwesome5_Brands.ttf */,
				75F0D69EF21F405299DB76F9 /* FontAwesome5_Regular.ttf */,
				2A8022B560344697AB29F9DB /* FontAwesome5_Solid.ttf */,
				0E76D27CF3054EF1910A8035 /* Fontisto.ttf */,
				40645A9EB9B949E59D927FB5 /* Foundation.ttf */,
				3DCDE46C11BD47EFBAD3C965 /* Ionicons.ttf */,
				19787DFFC77142068C429103 /* MaterialCommunityIcons.ttf */,
				389F6BF173D84ADCB3F8EC82 /* MaterialIcons.ttf */,
				EE929F81502748CEAE39C62B /* Octicons.ttf */,
				838EB0F06997424B94EA0452 /* SimpleLineIcons.ttf */,
				B4B879AFE04D4D6E907A2404 /* Zocial.ttf */,
				4A6E152B318A4742A8040EC6 /* WorkSans-Black.ttf */,
				CA08F998A77A4E35BA3E902F /* WorkSans-BlackItalic.ttf */,
				FB8621F8C3204EF2B9A245C8 /* WorkSans-Bold.ttf */,
				E719AD9783AF432EA2F031EF /* WorkSans-BoldItalic.ttf */,
				E6529738128C459EA331C60B /* WorkSans-ExtraBold.ttf */,
				415F25A19FBE4A0397D278F5 /* WorkSans-ExtraBoldItalic.ttf */,
				2FDB3DDFB8FB4C3EA3B4B38C /* WorkSans-ExtraLight.ttf */,
				7EBF248531384076B1F52B06 /* WorkSans-ExtraLightItalic.ttf */,
				3A8354ADB710421FB8FD18AC /* WorkSans-Italic.ttf */,
				BF7F8F20FBDB4AC295DF0855 /* WorkSans-Light.ttf */,
				51584F945B1641738206F2A2 /* WorkSans-LightItalic.ttf */,
				5C6C98D1F0034D1D98CCEDE5 /* WorkSans-Medium.ttf */,
				0E5D50958F424A50BC457365 /* WorkSans-MediumItalic.ttf */,
				C64BA12BEF674A7AB002509C /* WorkSans-Regular.ttf */,
				46DC4BA97943442E83AD71C7 /* WorkSans-SemiBold.ttf */,
				0306E7234B88427C86418BE3 /* WorkSans-SemiBoldItalic.ttf */,
				F6BD50DBBD244DF0BFB70A57 /* WorkSans-Thin.ttf */,
				A139B33CA62246BA82824293 /* WorkSans-ThinItalic.ttf */,
				2A91D137093A448AAEE110A8 /* WorkSans-Italic-VariableFont_wght.ttf */,
				50947A4C3A454C4D9E192DD1 /* WorkSans-VariableFont_wght.ttf */,
				768AF8C77CCA46809378B537 /* WorkSans-Black.ttf */,
				0327D26A05424EBAB3D9AD1C /* WorkSans-BlackItalic.ttf */,
				1D89E329C66F48D9A1513D9C /* WorkSans-Bold.ttf */,
				6DBE3CAA2EB74B7992687A97 /* WorkSans-BoldItalic.ttf */,
				F61BD7A122F84E86A597E379 /* WorkSans-ExtraBold.ttf */,
				669CFEDD1EB34BE282FD0FAC /* WorkSans-ExtraBoldItalic.ttf */,
				38FE1617C1CB423FBEB5A76C /* WorkSans-ExtraLight.ttf */,
				A37551A68BBB4B1D95513EFD /* WorkSans-ExtraLightItalic.ttf */,
				B0C578FC46C148188E72F9FE /* WorkSans-Italic.ttf */,
				492817DC85D6473FB80AE7C6 /* WorkSans-Light.ttf */,
				EBA01AC4425F46A08E95DD36 /* WorkSans-LightItalic.ttf */,
				B291BFD9014744A2A3129081 /* WorkSans-Medium.ttf */,
				67BF54B305D64702A188FF90 /* WorkSans-MediumItalic.ttf */,
				4396DE59C81E444CA8F1EDBB /* WorkSans-Regular.ttf */,
				D5C113ECA8584142B01F7D00 /* WorkSans-SemiBold.ttf */,
				AF0EC424313C4C1B8E41359E /* WorkSans-SemiBoldItalic.ttf */,
				5FD0075A08854818AFFB03A9 /* WorkSans-Thin.ttf */,
				45448578D0BF4AA39FB0681E /* WorkSans-ThinItalic.ttf */,
				DB9431233ECD474B8B49690A /* Lato-Bold.ttf */,
				5C4FB8BE02204F77B77D4E32 /* Lato-Light.ttf */,
				9AA7EB0C18AB400AAD0F509F /* Lato-Regular.ttf */,
				014D178F66404B77BDA0F7EF /* Lato-Thin.ttf */,
				ACAE1CDE7B70491784BC35EF /* Lowvetica.ttf */,
				C76B853FF7EE4A45B85BA674 /* RobotoCondensed-Bold.ttf */,
				1E49823857494828A79149F3 /* RobotoCondensed-BoldItalic.ttf */,
				8E061C884B2148A481FE0B2C /* RobotoCondensed-Light.ttf */,
				DA1103A9774649C193E5ACAA /* RobotoCondensed-LightItalic.ttf */,
				D599E57CB65E499C86C1CB6E /* RobotoCondensed-Regular.ttf */,
				9E96282D870F430AA9E2AA49 /* Helvetica Neu Bold.ttf */,
				DC5DD29641764758B85FAD79 /* HelveticaNeue BlackCond.ttf */,
				975F38CE08FF49438296C2DD /* HelveticaNeue Light.ttf */,
				5D036633959A4181A7E34A89 /* HelveticaNeue Medium.ttf */,
				CE0803C6C7D7400B87BBBF6B /* HelveticaNeue Thin.ttf */,
				79D17B6A8A784B1AB63F0EE0 /* HelveticaNeue.ttf */,
				D270E81A83AB4A7F97BA0688 /* HelveticaNeueBd.ttf */,
				DEDCC4FA3A3E4E7D998C7E68 /* HelveticaNeueHv.ttf */,
				42245A44C7CD4E498621A413 /* HelveticaNeueIt.ttf */,
				6C28BFBEFC684D04A04BD0BC /* HelveticaNeueLt.ttf */,
				5836DAAFF6504AD8BF32B1BC /* HelveticaNeueMed.ttf */,
			);
			name = Resources;
			sourceTree = "<group>";
			path = "";
		};
/* End PBXGroup section */

/* Begin PBXNativeTarget section */
		00E356ED1AD99517003FC87E /* testappTests */ = {
			isa = PBXNativeTarget;
			buildConfigurationList = 00E357021AD99517003FC87E /* Build configuration list for PBXNativeTarget "testappTests" */;
			buildPhases = (
				00E356EA1AD99517003FC87E /* Sources */,
				00E356EB1AD99517003FC87E /* Frameworks */,
				00E356EC1AD99517003FC87E /* Resources */,
			);
			buildRules = (
			);
			dependencies = (
				00E356F51AD99517003FC87E /* PBXTargetDependency */,
			);
			name = testappTests;
			productName = testappTests;
			productReference = 00E356EE1AD99517003FC87E /* testappTests.xctest */;
			productType = "com.apple.product-type.bundle.unit-test";
		};
		13B07F861A680F5B00A75B9A /* testapp */ = {
			isa = PBXNativeTarget;
			buildConfigurationList = 13B07F931A680F5B00A75B9A /* Build configuration list for PBXNativeTarget "testapp" */;
			buildPhases = (
				FD10A7F022414F080027D42C /* Start Packager */,
				13B07F871A680F5B00A75B9A /* Sources */,
				13B07F8C1A680F5B00A75B9A /* Frameworks */,
				13B07F8E1A680F5B00A75B9A /* Resources */,
				00DD1BFF1BD5951E006B06BC /* Bundle React Native code and images */,
			);
			buildRules = (
			);
			dependencies = (
			);
			name = testapp;
			productName = testapp;
			productReference = 13B07F961A680F5B00A75B9A /* testapp.app */;
			productType = "com.apple.product-type.application";
		};
		2D02E47A1E0B4A5D006451C7 /* testapp-tvOS */ = {
			isa = PBXNativeTarget;
			buildConfigurationList = 2D02E4BA1E0B4A5E006451C7 /* Build configuration list for PBXNativeTarget "testapp-tvOS" */;
			buildPhases = (
				FD10A7F122414F3F0027D42C /* Start Packager */,
				2D02E4771E0B4A5D006451C7 /* Sources */,
				2D02E4781E0B4A5D006451C7 /* Frameworks */,
				2D02E4791E0B4A5D006451C7 /* Resources */,
				2D02E4CB1E0B4B27006451C7 /* Bundle React Native Code And Images */,
			);
			buildRules = (
			);
			dependencies = (
			);
			name = "testapp-tvOS";
			productName = "testapp-tvOS";
			productReference = 2D02E47B1E0B4A5D006451C7 /* testapp-tvOS.app */;
			productType = "com.apple.product-type.application";
		};
		2D02E48F1E0B4A5D006451C7 /* testapp-tvOSTests */ = {
			isa = PBXNativeTarget;
			buildConfigurationList = 2D02E4BB1E0B4A5E006451C7 /* Build configuration list for PBXNativeTarget "testapp-tvOSTests" */;
			buildPhases = (
				2D02E48C1E0B4A5D006451C7 /* Sources */,
				2D02E48D1E0B4A5D006451C7 /* Frameworks */,
				2D02E48E1E0B4A5D006451C7 /* Resources */,
			);
			buildRules = (
			);
			dependencies = (
				2D02E4921E0B4A5D006451C7 /* PBXTargetDependency */,
			);
			name = "testapp-tvOSTests";
			productName = "testapp-tvOSTests";
			productReference = 2D02E4901E0B4A5D006451C7 /* testapp-tvOSTests.xctest */;
			productType = "com.apple.product-type.bundle.unit-test";
		};
/* End PBXNativeTarget section */

/* Begin PBXProject section */
		83CBB9F71A601CBA00E9B192 /* Project object */ = {
			isa = PBXProject;
			attributes = {
				LastUpgradeCheck = 1130;
				TargetAttributes = {
					00E356ED1AD99517003FC87E = {
						CreatedOnToolsVersion = 6.2;
						TestTargetID = 13B07F861A680F5B00A75B9A;
					};
					13B07F861A680F5B00A75B9A = {
						LastSwiftMigration = 1120;
					};
					2D02E47A1E0B4A5D006451C7 = {
						CreatedOnToolsVersion = 8.2.1;
						ProvisioningStyle = Automatic;
					};
					2D02E48F1E0B4A5D006451C7 = {
						CreatedOnToolsVersion = 8.2.1;
						ProvisioningStyle = Automatic;
						TestTargetID = 2D02E47A1E0B4A5D006451C7;
					};
				};
			};
			buildConfigurationList = 83CBB9FA1A601CBA00E9B192 /* Build configuration list for PBXProject "testapp" */;
			compatibilityVersion = "Xcode 3.2";
			developmentRegion = en;
			hasScannedForEncodings = 0;
			knownRegions = (
				en,
				Base,
			);
			mainGroup = 83CBB9F61A601CBA00E9B192;
			productRefGroup = 83CBBA001A601CBA00E9B192 /* Products */;
			projectDirPath = "";
			projectRoot = "";
			targets = (
				13B07F861A680F5B00A75B9A /* testapp */,
				00E356ED1AD99517003FC87E /* testappTests */,
				2D02E47A1E0B4A5D006451C7 /* testapp-tvOS */,
				2D02E48F1E0B4A5D006451C7 /* testapp-tvOSTests */,
			);
		};
/* End PBXProject section */

/* Begin PBXResourcesBuildPhase section */
		00E356EC1AD99517003FC87E /* Resources */ = {
			isa = PBXResourcesBuildPhase;
			buildActionMask = 2147483647;
			files = (
			);
			runOnlyForDeploymentPostprocessing = 0;
		};
		13B07F8E1A680F5B00A75B9A /* Resources */ = {
			isa = PBXResourcesBuildPhase;
			buildActionMask = 2147483647;
			files = (
				81AB9BB82411601600AC10FF /* LaunchScreen.storyboard in Resources */,
				13B07FBF1A68108700A75B9A /* Images.xcassets in Resources */,
				2CD5B8FAB556462B8DEB3AD1 /* AntDesign.ttf in Resources */,
				E35C56CAC3A247458C26268B /* Entypo.ttf in Resources */,
				B89D94A5CC044CC78485A63E /* EvilIcons.ttf in Resources */,
				728F4988BFDB4A5FBB151C2E /* Feather.ttf in Resources */,
				890DEA8B8BA6475CBC15E6E8 /* FontAwesome.ttf in Resources */,
				64AD77C5CF66473BBEC6FA64 /* FontAwesome5_Brands.ttf in Resources */,
				51A371460712420F99709E35 /* FontAwesome5_Regular.ttf in Resources */,
				079586E7EDFD41F888529877 /* FontAwesome5_Solid.ttf in Resources */,
				CB95BD40AD204D1386DAC824 /* Fontisto.ttf in Resources */,
				E2C4B7403AA24BE389F30778 /* Foundation.ttf in Resources */,
				F3E939A4B9044A8D9289373D /* Ionicons.ttf in Resources */,
				29EF23B6301A48B8878B4923 /* MaterialCommunityIcons.ttf in Resources */,
				6C7014A50B9444C9AF9294B6 /* MaterialIcons.ttf in Resources */,
				0C5A25F3EF30433A9B6C9087 /* Octicons.ttf in Resources */,
				EEBCC946F1B546919CD605D4 /* SimpleLineIcons.ttf in Resources */,
				0C0F70B754F341EE9A2443E3 /* Zocial.ttf in Resources */,
				424168C032DC4908930E23C0 /* WorkSans-Black.ttf in Resources */,
				543DAD3554494683B8AFB096 /* WorkSans-BlackItalic.ttf in Resources */,
				34557B7A1BAC4D4FB28E2F49 /* WorkSans-Bold.ttf in Resources */,
				81DD917B5B824DD7A73B31EB /* WorkSans-BoldItalic.ttf in Resources */,
				F11E1193327F4273A3113001 /* WorkSans-ExtraBold.ttf in Resources */,
				F334B412937B49FD9019A003 /* WorkSans-ExtraBoldItalic.ttf in Resources */,
				BE714A9E14AC418685D4154E /* WorkSans-ExtraLight.ttf in Resources */,
				3B931E2F41C64AA3A8A8451F /* WorkSans-ExtraLightItalic.ttf in Resources */,
				6107E6A27183472F8258609B /* WorkSans-Italic.ttf in Resources */,
				CD6DA20ACAE445EDBE36FB1C /* WorkSans-Light.ttf in Resources */,
				D145013DE54847DF83F4F11C /* WorkSans-LightItalic.ttf in Resources */,
				DC51311326F44001B2197C0A /* WorkSans-Medium.ttf in Resources */,
				0446D619071F4F98A75A3139 /* WorkSans-MediumItalic.ttf in Resources */,
				7CAC0183BCBE45BEAEBFB9EA /* WorkSans-Regular.ttf in Resources */,
				23E9BD4EECB34D9E89796041 /* WorkSans-SemiBold.ttf in Resources */,
				3724B39F557448D4A4079E7A /* WorkSans-SemiBoldItalic.ttf in Resources */,
				1998A1950FA849339107F1A7 /* WorkSans-Thin.ttf in Resources */,
				5427ECA7CD4443708A57B492 /* WorkSans-ThinItalic.ttf in Resources */,
				269B6C7A8CB747EC8798127E /* WorkSans-Italic-VariableFont_wght.ttf in Resources */,
				02AFB64967F14C4986C69486 /* WorkSans-VariableFont_wght.ttf in Resources */,
				4E299107C2D748CE8A235E47 /* WorkSans-Black.ttf in Resources */,
				DB05EE78AF194BDEBA2B934C /* WorkSans-BlackItalic.ttf in Resources */,
				6BC6AA01646B4F7CA0883021 /* WorkSans-Bold.ttf in Resources */,
				F326474986E24598AD35DFC3 /* WorkSans-BoldItalic.ttf in Resources */,
				FB9C6B7D996A432A958AB6C6 /* WorkSans-ExtraBold.ttf in Resources */,
				DEB6F10FD64C495B8D8F5432 /* WorkSans-ExtraBoldItalic.ttf in Resources */,
				989403F34A5F45E884EA4CA5 /* WorkSans-ExtraLight.ttf in Resources */,
				E65EBBCC575D49458C2E43C0 /* WorkSans-ExtraLightItalic.ttf in Resources */,
				7713CAEC3DAD4B5C8077AAC8 /* WorkSans-Italic.ttf in Resources */,
				0CD098E54AD545EFA0493844 /* WorkSans-Light.ttf in Resources */,
				149FFDE0C6B948878E6240EC /* WorkSans-LightItalic.ttf in Resources */,
				75463579F73D42CE9D2D5C04 /* WorkSans-Medium.ttf in Resources */,
				050C8EF1FAC54C5FBE55B078 /* WorkSans-MediumItalic.ttf in Resources */,
				BB354A9D14EC429EAAA1F895 /* WorkSans-Regular.ttf in Resources */,
				12B058B633C9423A8454E08D /* WorkSans-SemiBold.ttf in Resources */,
				BC51C67085A9466E8E5101BD /* WorkSans-SemiBoldItalic.ttf in Resources */,
				70B21905C0904A1591FB5F41 /* WorkSans-Thin.ttf in Resources */,
				92F8BF03FC4840A6AC84C299 /* WorkSans-ThinItalic.ttf in Resources */,
				06B16B2BD1AA4A73AD10863C /* Lato-Bold.ttf in Resources */,
				7B214CE45CF1498BB1C1897F /* Lato-Light.ttf in Resources */,
				F050817E29864983BA177A91 /* Lato-Regular.ttf in Resources */,
				E78A4AC0931D4172A92BCB11 /* Lato-Thin.ttf in Resources */,
				9AA3201908B7460694E0CF0A /* Lowvetica.ttf in Resources */,
				1306F1AD89674000A4258C9E /* RobotoCondensed-Bold.ttf in Resources */,
				1047FF44984B4ADF84FB97DE /* RobotoCondensed-BoldItalic.ttf in Resources */,
				C10947E1856F44919FF850C9 /* RobotoCondensed-Light.ttf in Resources */,
				B2658AD11C8746BF91D24B64 /* RobotoCondensed-LightItalic.ttf in Resources */,
				907F808DB249451EB01AAF6B /* RobotoCondensed-Regular.ttf in Resources */,
				AD412144C2554BE598109543 /* Helvetica Neu Bold.ttf in Resources */,
				51F142DA597A42A6AFE82CD1 /* HelveticaNeue BlackCond.ttf in Resources */,
				C707BE64EA2A4761A734A54F /* HelveticaNeue Light.ttf in Resources */,
				EE2FC9222C3346E0A23FC98C /* HelveticaNeue Medium.ttf in Resources */,
				421E5F3B5FAC499BB553E0FA /* HelveticaNeue Thin.ttf in Resources */,
				E9C3D75879054408AFB022AF /* HelveticaNeue.ttf in Resources */,
				0317D786637044698F68E3FB /* HelveticaNeueBd.ttf in Resources */,
				159B9DE06C664411ACCC3D73 /* HelveticaNeueHv.ttf in Resources */,
				1EB0EFA3BB744416B882E0FF /* HelveticaNeueIt.ttf in Resources */,
				B791714643904F5599DB4C38 /* HelveticaNeueLt.ttf in Resources */,
				1623BB5B57B84B6DB43148B1 /* HelveticaNeueMed.ttf in Resources */,
			);
			runOnlyForDeploymentPostprocessing = 0;
		};
		2D02E4791E0B4A5D006451C7 /* Resources */ = {
			isa = PBXResourcesBuildPhase;
			buildActionMask = 2147483647;
			files = (
				2D02E4BD1E0B4A84006451C7 /* Images.xcassets in Resources */,
			);
			runOnlyForDeploymentPostprocessing = 0;
		};
		2D02E48E1E0B4A5D006451C7 /* Resources */ = {
			isa = PBXResourcesBuildPhase;
			buildActionMask = 2147483647;
			files = (
			);
			runOnlyForDeploymentPostprocessing = 0;
		};
/* End PBXResourcesBuildPhase section */

/* Begin PBXShellScriptBuildPhase section */
		00DD1BFF1BD5951E006B06BC /* Bundle React Native code and images */ = {
			isa = PBXShellScriptBuildPhase;
			buildActionMask = 2147483647;
			files = (
			);
			inputPaths = (
			);
			name = "Bundle React Native code and images";
			outputPaths = (
			);
			runOnlyForDeploymentPostprocessing = 0;
			shellPath = /bin/sh;
			shellScript = "export NODE_BINARY=node\n../node_modules/react-native/scripts/react-native-xcode.sh";
		};
		2D02E4CB1E0B4B27006451C7 /* Bundle React Native Code And Images */ = {
			isa = PBXShellScriptBuildPhase;
			buildActionMask = 2147483647;
			files = (
			);
			inputPaths = (
			);
			name = "Bundle React Native Code And Images";
			outputPaths = (
			);
			runOnlyForDeploymentPostprocessing = 0;
			shellPath = /bin/sh;
			shellScript = "export NODE_BINARY=node\n../node_modules/react-native/scripts/react-native-xcode.sh";
		};
		FD10A7F022414F080027D42C /* Start Packager */ = {
			isa = PBXShellScriptBuildPhase;
			buildActionMask = 2147483647;
			files = (
			);
			inputFileListPaths = (
			);
			inputPaths = (
			);
			name = "Start Packager";
			outputFileListPaths = (
			);
			outputPaths = (
			);
			runOnlyForDeploymentPostprocessing = 0;
			shellPath = /bin/sh;
			shellScript = "export RCT_METRO_PORT=\"${RCT_METRO_PORT:=8081}\"\necho \"export RCT_METRO_PORT=${RCT_METRO_PORT}\" > \"${SRCROOT}/../node_modules/react-native/scripts/.packager.env\"\nif [ -z \"${RCT_NO_LAUNCH_PACKAGER+xxx}\" ] ; then\n  if nc -w 5 -z localhost ${RCT_METRO_PORT} ; then\n    if ! curl -s \"http://localhost:${RCT_METRO_PORT}/status\" | grep -q \"packager-status:running\" ; then\n      echo \"Port ${RCT_METRO_PORT} already in use, packager is either not running or not running correctly\"\n      exit 2\n    fi\n  else\n    open \"$SRCROOT/../node_modules/react-native/scripts/launchPackager.command\" || echo \"Can't start packager automatically\"\n  fi\nfi\n";
			showEnvVarsInLog = 0;
		};
		FD10A7F122414F3F0027D42C /* Start Packager */ = {
			isa = PBXShellScriptBuildPhase;
			buildActionMask = 2147483647;
			files = (
			);
			inputFileListPaths = (
			);
			inputPaths = (
			);
			name = "Start Packager";
			outputFileListPaths = (
			);
			outputPaths = (
			);
			runOnlyForDeploymentPostprocessing = 0;
			shellPath = /bin/sh;
			shellScript = "export RCT_METRO_PORT=\"${RCT_METRO_PORT:=8081}\"\necho \"export RCT_METRO_PORT=${RCT_METRO_PORT}\" > \"${SRCROOT}/../node_modules/react-native/scripts/.packager.env\"\nif [ -z \"${RCT_NO_LAUNCH_PACKAGER+xxx}\" ] ; then\n  if nc -w 5 -z localhost ${RCT_METRO_PORT} ; then\n    if ! curl -s \"http://localhost:${RCT_METRO_PORT}/status\" | grep -q \"packager-status:running\" ; then\n      echo \"Port ${RCT_METRO_PORT} already in use, packager is either not running or not running correctly\"\n      exit 2\n    fi\n  else\n    open \"$SRCROOT/../node_modules/react-native/scripts/launchPackager.command\" || echo \"Can't start packager automatically\"\n  fi\nfi\n";
			showEnvVarsInLog = 0;
		};
/* End PBXShellScriptBuildPhase section */

/* Begin PBXSourcesBuildPhase section */
		00E356EA1AD99517003FC87E /* Sources */ = {
			isa = PBXSourcesBuildPhase;
			buildActionMask = 2147483647;
			files = (
				00E356F31AD99517003FC87E /* testappTests.m in Sources */,
			);
			runOnlyForDeploymentPostprocessing = 0;
		};
		13B07F871A680F5B00A75B9A /* Sources */ = {
			isa = PBXSourcesBuildPhase;
			buildActionMask = 2147483647;
			files = (
				13B07FBC1A68108700A75B9A /* AppDelegate.m in Sources */,
				13B07FC11A68108700A75B9A /* main.m in Sources */,
			);
			runOnlyForDeploymentPostprocessing = 0;
		};
		2D02E4771E0B4A5D006451C7 /* Sources */ = {
			isa = PBXSourcesBuildPhase;
			buildActionMask = 2147483647;
			files = (
				2D02E4BF1E0B4AB3006451C7 /* main.m in Sources */,
				2D02E4BC1E0B4A80006451C7 /* AppDelegate.m in Sources */,
			);
			runOnlyForDeploymentPostprocessing = 0;
		};
		2D02E48C1E0B4A5D006451C7 /* Sources */ = {
			isa = PBXSourcesBuildPhase;
			buildActionMask = 2147483647;
			files = (
				2DCD954D1E0B4F2C00145EB5 /* testappTests.m in Sources */,
			);
			runOnlyForDeploymentPostprocessing = 0;
		};
/* End PBXSourcesBuildPhase section */

/* Begin PBXTargetDependency section */
		00E356F51AD99517003FC87E /* PBXTargetDependency */ = {
			isa = PBXTargetDependency;
			target = 13B07F861A680F5B00A75B9A /* testapp */;
			targetProxy = 00E356F41AD99517003FC87E /* PBXContainerItemProxy */;
		};
		2D02E4921E0B4A5D006451C7 /* PBXTargetDependency */ = {
			isa = PBXTargetDependency;
			target = 2D02E47A1E0B4A5D006451C7 /* testapp-tvOS */;
			targetProxy = 2D02E4911E0B4A5D006451C7 /* PBXContainerItemProxy */;
		};
/* End PBXTargetDependency section */

/* Begin XCBuildConfiguration section */
		00E356F61AD99517003FC87E /* Debug */ = {
			isa = XCBuildConfiguration;
			buildSettings = {
				BUNDLE_LOADER = "$(TEST_HOST)";
				GCC_PREPROCESSOR_DEFINITIONS = (
					"DEBUG=1",
					"$(inherited)",
				);
				INFOPLIST_FILE = testappTests/Info.plist;
				IPHONEOS_DEPLOYMENT_TARGET = 10.0;
				LD_RUNPATH_SEARCH_PATHS = "$(inherited) @executable_path/Frameworks @loader_path/Frameworks";
				OTHER_LDFLAGS = (
					"-ObjC",
					"-lc++",
					"$(inherited)",
				);
				PRODUCT_BUNDLE_IDENTIFIER = "org.reactjs.native.example.$(PRODUCT_NAME:rfc1034identifier)";
				PRODUCT_NAME = "$(TARGET_NAME)";
				TEST_HOST = "$(BUILT_PRODUCTS_DIR)/testapp.app/testapp";
			};
			name = Debug;
		};
		00E356F71AD99517003FC87E /* Release */ = {
			isa = XCBuildConfiguration;
			buildSettings = {
				BUNDLE_LOADER = "$(TEST_HOST)";
				COPY_PHASE_STRIP = NO;
				INFOPLIST_FILE = testappTests/Info.plist;
				IPHONEOS_DEPLOYMENT_TARGET = 10.0;
				LD_RUNPATH_SEARCH_PATHS = "$(inherited) @executable_path/Frameworks @loader_path/Frameworks";
				OTHER_LDFLAGS = (
					"-ObjC",
					"-lc++",
					"$(inherited)",
				);
				PRODUCT_BUNDLE_IDENTIFIER = "org.reactjs.native.example.$(PRODUCT_NAME:rfc1034identifier)";
				PRODUCT_NAME = "$(TARGET_NAME)";
				TEST_HOST = "$(BUILT_PRODUCTS_DIR)/testapp.app/testapp";
			};
			name = Release;
		};
		13B07F941A680F5B00A75B9A /* Debug */ = {
			isa = XCBuildConfiguration;
			buildSettings = {
				ASSETCATALOG_COMPILER_APPICON_NAME = AppIcon;
				CLANG_ENABLE_MODULES = YES;
				CURRENT_PROJECT_VERSION = 1;
				ENABLE_BITCODE = NO;
				INFOPLIST_FILE = testapp/Info.plist;
				LD_RUNPATH_SEARCH_PATHS = "$(inherited) @executable_path/Frameworks";
				OTHER_LDFLAGS = (
					"$(inherited)",
					"-ObjC",
					"-lc++",
				);
				PRODUCT_BUNDLE_IDENTIFIER = "org.reactjs.native.example.$(PRODUCT_NAME:rfc1034identifier)";
				PRODUCT_NAME = testapp;
				SWIFT_OPTIMIZATION_LEVEL = "-Onone";
				SWIFT_VERSION = 5.0;
				VERSIONING_SYSTEM = "apple-generic";
			};
			name = Debug;
		};
		13B07F951A680F5B00A75B9A /* Release */ = {
			isa = XCBuildConfiguration;
			buildSettings = {
				ASSETCATALOG_COMPILER_APPICON_NAME = AppIcon;
				CLANG_ENABLE_MODULES = YES;
				CURRENT_PROJECT_VERSION = 1;
				INFOPLIST_FILE = testapp/Info.plist;
				LD_RUNPATH_SEARCH_PATHS = "$(inherited) @executable_path/Frameworks";
				OTHER_LDFLAGS = (
					"$(inherited)",
					"-ObjC",
					"-lc++",
				);
				PRODUCT_BUNDLE_IDENTIFIER = "org.reactjs.native.example.$(PRODUCT_NAME:rfc1034identifier)";
				PRODUCT_NAME = testapp;
				SWIFT_VERSION = 5.0;
				VERSIONING_SYSTEM = "apple-generic";
			};
			name = Release;
		};
		2D02E4971E0B4A5E006451C7 /* Debug */ = {
			isa = XCBuildConfiguration;
			buildSettings = {
				ASSETCATALOG_COMPILER_APPICON_NAME = "App Icon & Top Shelf Image";
				ASSETCATALOG_COMPILER_LAUNCHIMAGE_NAME = LaunchImage;
				CLANG_ANALYZER_NONNULL = YES;
				CLANG_WARN_DOCUMENTATION_COMMENTS = YES;
				CLANG_WARN_INFINITE_RECURSION = YES;
				CLANG_WARN_SUSPICIOUS_MOVE = YES;
				DEBUG_INFORMATION_FORMAT = dwarf;
				ENABLE_TESTABILITY = YES;
				GCC_NO_COMMON_BLOCKS = YES;
				INFOPLIST_FILE = "testapp-tvOS/Info.plist";
				LD_RUNPATH_SEARCH_PATHS = "$(inherited) @executable_path/Frameworks";
				OTHER_LDFLAGS = (
					"$(inherited)",
					"-ObjC",
					"-lc++",
				);
				PRODUCT_BUNDLE_IDENTIFIER = "org.reactjs.native.example.testapp-tvOS";
				PRODUCT_NAME = "$(TARGET_NAME)";
				SDKROOT = appletvos;
				TARGETED_DEVICE_FAMILY = 3;
				TVOS_DEPLOYMENT_TARGET = 10.0;
			};
			name = Debug;
		};
		2D02E4981E0B4A5E006451C7 /* Release */ = {
			isa = XCBuildConfiguration;
			buildSettings = {
				ASSETCATALOG_COMPILER_APPICON_NAME = "App Icon & Top Shelf Image";
				ASSETCATALOG_COMPILER_LAUNCHIMAGE_NAME = LaunchImage;
				CLANG_ANALYZER_NONNULL = YES;
				CLANG_WARN_DOCUMENTATION_COMMENTS = YES;
				CLANG_WARN_INFINITE_RECURSION = YES;
				CLANG_WARN_SUSPICIOUS_MOVE = YES;
				COPY_PHASE_STRIP = NO;
				DEBUG_INFORMATION_FORMAT = "dwarf-with-dsym";
				GCC_NO_COMMON_BLOCKS = YES;
				INFOPLIST_FILE = "testapp-tvOS/Info.plist";
				LD_RUNPATH_SEARCH_PATHS = "$(inherited) @executable_path/Frameworks";
				OTHER_LDFLAGS = (
					"$(inherited)",
					"-ObjC",
					"-lc++",
				);
				PRODUCT_BUNDLE_IDENTIFIER = "org.reactjs.native.example.testapp-tvOS";
				PRODUCT_NAME = "$(TARGET_NAME)";
				SDKROOT = appletvos;
				TARGETED_DEVICE_FAMILY = 3;
				TVOS_DEPLOYMENT_TARGET = 10.0;
			};
			name = Release;
		};
		2D02E4991E0B4A5E006451C7 /* Debug */ = {
			isa = XCBuildConfiguration;
			buildSettings = {
				BUNDLE_LOADER = "$(TEST_HOST)";
				CLANG_ANALYZER_NONNULL = YES;
				CLANG_WARN_DOCUMENTATION_COMMENTS = YES;
				CLANG_WARN_INFINITE_RECURSION = YES;
				CLANG_WARN_SUSPICIOUS_MOVE = YES;
				DEBUG_INFORMATION_FORMAT = dwarf;
				ENABLE_TESTABILITY = YES;
				GCC_NO_COMMON_BLOCKS = YES;
				INFOPLIST_FILE = "testapp-tvOSTests/Info.plist";
				LD_RUNPATH_SEARCH_PATHS = "$(inherited) @executable_path/Frameworks @loader_path/Frameworks";
				OTHER_LDFLAGS = (
					"$(inherited)",
					"-ObjC",
					"-lc++",
				);
				PRODUCT_BUNDLE_IDENTIFIER = "org.reactjs.native.example.testapp-tvOSTests";
				PRODUCT_NAME = "$(TARGET_NAME)";
				SDKROOT = appletvos;
				TEST_HOST = "$(BUILT_PRODUCTS_DIR)/testapp-tvOS.app/testapp-tvOS";
				TVOS_DEPLOYMENT_TARGET = 10.1;
			};
			name = Debug;
		};
		2D02E49A1E0B4A5E006451C7 /* Release */ = {
			isa = XCBuildConfiguration;
			buildSettings = {
				BUNDLE_LOADER = "$(TEST_HOST)";
				CLANG_ANALYZER_NONNULL = YES;
				CLANG_WARN_DOCUMENTATION_COMMENTS = YES;
				CLANG_WARN_INFINITE_RECURSION = YES;
				CLANG_WARN_SUSPICIOUS_MOVE = YES;
				COPY_PHASE_STRIP = NO;
				DEBUG_INFORMATION_FORMAT = "dwarf-with-dsym";
				GCC_NO_COMMON_BLOCKS = YES;
				INFOPLIST_FILE = "testapp-tvOSTests/Info.plist";
				LD_RUNPATH_SEARCH_PATHS = "$(inherited) @executable_path/Frameworks @loader_path/Frameworks";
				OTHER_LDFLAGS = (
					"$(inherited)",
					"-ObjC",
					"-lc++",
				);
				PRODUCT_BUNDLE_IDENTIFIER = "org.reactjs.native.example.testapp-tvOSTests";
				PRODUCT_NAME = "$(TARGET_NAME)";
				SDKROOT = appletvos;
				TEST_HOST = "$(BUILT_PRODUCTS_DIR)/testapp-tvOS.app/testapp-tvOS";
				TVOS_DEPLOYMENT_TARGET = 10.1;
			};
			name = Release;
		};
		83CBBA201A601CBA00E9B192 /* Debug */ = {
			isa = XCBuildConfiguration;
			buildSettings = {
				ALWAYS_SEARCH_USER_PATHS = NO;
				CLANG_ANALYZER_LOCALIZABILITY_NONLOCALIZED = YES;
				CLANG_CXX_LANGUAGE_STANDARD = "gnu++0x";
				CLANG_CXX_LIBRARY = "libc++";
				CLANG_ENABLE_MODULES = YES;
				CLANG_ENABLE_OBJC_ARC = YES;
				CLANG_WARN_BLOCK_CAPTURE_AUTORELEASING = YES;
				CLANG_WARN_BOOL_CONVERSION = YES;
				CLANG_WARN_COMMA = YES;
				CLANG_WARN_CONSTANT_CONVERSION = YES;
				CLANG_WARN_DEPRECATED_OBJC_IMPLEMENTATIONS = YES;
				CLANG_WARN_DIRECT_OBJC_ISA_USAGE = YES_ERROR;
				CLANG_WARN_EMPTY_BODY = YES;
				CLANG_WARN_ENUM_CONVERSION = YES;
				CLANG_WARN_INFINITE_RECURSION = YES;
				CLANG_WARN_INT_CONVERSION = YES;
				CLANG_WARN_NON_LITERAL_NULL_CONVERSION = YES;
				CLANG_WARN_OBJC_IMPLICIT_RETAIN_SELF = YES;
				CLANG_WARN_OBJC_LITERAL_CONVERSION = YES;
				CLANG_WARN_OBJC_ROOT_CLASS = YES_ERROR;
				CLANG_WARN_RANGE_LOOP_ANALYSIS = YES;
				CLANG_WARN_STRICT_PROTOTYPES = YES;
				CLANG_WARN_SUSPICIOUS_MOVE = YES;
				CLANG_WARN_UNREACHABLE_CODE = YES;
				CLANG_WARN__DUPLICATE_METHOD_MATCH = YES;
				"CODE_SIGN_IDENTITY[sdk=iphoneos*]" = "iPhone Developer";
				COPY_PHASE_STRIP = NO;
				ENABLE_STRICT_OBJC_MSGSEND = YES;
				ENABLE_TESTABILITY = YES;
				GCC_C_LANGUAGE_STANDARD = gnu99;
				GCC_DYNAMIC_NO_PIC = NO;
				GCC_NO_COMMON_BLOCKS = YES;
				GCC_OPTIMIZATION_LEVEL = 0;
				GCC_PREPROCESSOR_DEFINITIONS = (
					"DEBUG=1",
					"$(inherited)",
				);
				GCC_SYMBOLS_PRIVATE_EXTERN = NO;
				GCC_WARN_64_TO_32_BIT_CONVERSION = YES;
				GCC_WARN_ABOUT_RETURN_TYPE = YES_ERROR;
				GCC_WARN_UNDECLARED_SELECTOR = YES;
				GCC_WARN_UNINITIALIZED_AUTOS = YES_AGGRESSIVE;
				GCC_WARN_UNUSED_FUNCTION = YES;
				GCC_WARN_UNUSED_VARIABLE = YES;
				IPHONEOS_DEPLOYMENT_TARGET = 10.0;
				LD_RUNPATH_SEARCH_PATHS = "/usr/lib/swift $(inherited)";
				LIBRARY_SEARCH_PATHS = (
					"\"$(TOOLCHAIN_DIR)/usr/lib/swift/$(PLATFORM_NAME)\"",
					"\"$(TOOLCHAIN_DIR)/usr/lib/swift-5.0/$(PLATFORM_NAME)\"",
					"\"$(inherited)\"",
				);
				MTL_ENABLE_DEBUG_INFO = YES;
				ONLY_ACTIVE_ARCH = YES;
				SDKROOT = iphoneos;
			};
			name = Debug;
		};
		83CBBA211A601CBA00E9B192 /* Release */ = {
			isa = XCBuildConfiguration;
			buildSettings = {
				ALWAYS_SEARCH_USER_PATHS = NO;
				CLANG_ANALYZER_LOCALIZABILITY_NONLOCALIZED = YES;
				CLANG_CXX_LANGUAGE_STANDARD = "gnu++0x";
				CLANG_CXX_LIBRARY = "libc++";
				CLANG_ENABLE_MODULES = YES;
				CLANG_ENABLE_OBJC_ARC = YES;
				CLANG_WARN_BLOCK_CAPTURE_AUTORELEASING = YES;
				CLANG_WARN_BOOL_CONVERSION = YES;
				CLANG_WARN_COMMA = YES;
				CLANG_WARN_CONSTANT_CONVERSION = YES;
				CLANG_WARN_DEPRECATED_OBJC_IMPLEMENTATIONS = YES;
				CLANG_WARN_DIRECT_OBJC_ISA_USAGE = YES_ERROR;
				CLANG_WARN_EMPTY_BODY = YES;
				CLANG_WARN_ENUM_CONVERSION = YES;
				CLANG_WARN_INFINITE_RECURSION = YES;
				CLANG_WARN_INT_CONVERSION = YES;
				CLANG_WARN_NON_LITERAL_NULL_CONVERSION = YES;
				CLANG_WARN_OBJC_IMPLICIT_RETAIN_SELF = YES;
				CLANG_WARN_OBJC_LITERAL_CONVERSION = YES;
				CLANG_WARN_OBJC_ROOT_CLASS = YES_ERROR;
				CLANG_WARN_RANGE_LOOP_ANALYSIS = YES;
				CLANG_WARN_STRICT_PROTOTYPES = YES;
				CLANG_WARN_SUSPICIOUS_MOVE = YES;
				CLANG_WARN_UNREACHABLE_CODE = YES;
				CLANG_WARN__DUPLICATE_METHOD_MATCH = YES;
				"CODE_SIGN_IDENTITY[sdk=iphoneos*]" = "iPhone Developer";
				COPY_PHASE_STRIP = YES;
				ENABLE_NS_ASSERTIONS = NO;
				ENABLE_STRICT_OBJC_MSGSEND = YES;
				GCC_C_LANGUAGE_STANDARD = gnu99;
				GCC_NO_COMMON_BLOCKS = YES;
				GCC_WARN_64_TO_32_BIT_CONVERSION = YES;
				GCC_WARN_ABOUT_RETURN_TYPE = YES_ERROR;
				GCC_WARN_UNDECLARED_SELECTOR = YES;
				GCC_WARN_UNINITIALIZED_AUTOS = YES_AGGRESSIVE;
				GCC_WARN_UNUSED_FUNCTION = YES;
				GCC_WARN_UNUSED_VARIABLE = YES;
				IPHONEOS_DEPLOYMENT_TARGET = 10.0;
				LD_RUNPATH_SEARCH_PATHS = "/usr/lib/swift $(inherited)";
				LIBRARY_SEARCH_PATHS = (
					"\"$(TOOLCHAIN_DIR)/usr/lib/swift/$(PLATFORM_NAME)\"",
					"\"$(TOOLCHAIN_DIR)/usr/lib/swift-5.0/$(PLATFORM_NAME)\"",
					"\"$(inherited)\"",
				);
				MTL_ENABLE_DEBUG_INFO = NO;
				SDKROOT = iphoneos;
				VALIDATE_PRODUCT = YES;
			};
			name = Release;
		};
/* End XCBuildConfiguration section */

/* Begin XCConfigurationList section */
		00E357021AD99517003FC87E /* Build configuration list for PBXNativeTarget "testappTests" */ = {
			isa = XCConfigurationList;
			buildConfigurations = (
				00E356F61AD99517003FC87E /* Debug */,
				00E356F71AD99517003FC87E /* Release */,
			);
			defaultConfigurationIsVisible = 0;
			defaultConfigurationName = Release;
		};
		13B07F931A680F5B00A75B9A /* Build configuration list for PBXNativeTarget "testapp" */ = {
			isa = XCConfigurationList;
			buildConfigurations = (
				13B07F941A680F5B00A75B9A /* Debug */,
				13B07F951A680F5B00A75B9A /* Release */,
			);
			defaultConfigurationIsVisible = 0;
			defaultConfigurationName = Release;
		};
		2D02E4BA1E0B4A5E006451C7 /* Build configuration list for PBXNativeTarget "testapp-tvOS" */ = {
			isa = XCConfigurationList;
			buildConfigurations = (
				2D02E4971E0B4A5E006451C7 /* Debug */,
				2D02E4981E0B4A5E006451C7 /* Release */,
			);
			defaultConfigurationIsVisible = 0;
			defaultConfigurationName = Release;
		};
		2D02E4BB1E0B4A5E006451C7 /* Build configuration list for PBXNativeTarget "testapp-tvOSTests" */ = {
			isa = XCConfigurationList;
			buildConfigurations = (
				2D02E4991E0B4A5E006451C7 /* Debug */,
				2D02E49A1E0B4A5E006451C7 /* Release */,
			);
			defaultConfigurationIsVisible = 0;
			defaultConfigurationName = Release;
		};
		83CBB9FA1A601CBA00E9B192 /* Build configuration list for PBXProject "testapp" */ = {
			isa = XCConfigurationList;
			buildConfigurations = (
				83CBBA201A601CBA00E9B192 /* Debug */,
				83CBBA211A601CBA00E9B192 /* Release */,
			);
			defaultConfigurationIsVisible = 0;
			defaultConfigurationName = Release;
		};
/* End XCConfigurationList section */
	};
	rootObject = 83CBB9F71A601CBA00E9B192 /* Project object */;
}
